// !$*UTF8*$!
{
	archiveVersion = 1;
	classes = {
	};
	objectVersion = 50;
	objects = {

/* Begin PBXBuildFile section */
		361AA2F1235F05670065CC8B /* Assets.xcassets in Resources */ = {isa = PBXBuildFile; fileRef = 361AA2F0235F05670065CC8B /* Assets.xcassets */; };
		361AA2F4235F05670065CC8B /* LaunchScreen.storyboard in Resources */ = {isa = PBXBuildFile; fileRef = 361AA2F2235F05670065CC8B /* LaunchScreen.storyboard */; };
		365BD20D2397F0CF00A9EE27 /* LXMessageViewController.m in Sources */ = {isa = PBXBuildFile; fileRef = 365BD20C2397F0CF00A9EE27 /* LXMessageViewController.m */; };
		365BD2102397F2CE00A9EE27 /* LXMineViewController.m in Sources */ = {isa = PBXBuildFile; fileRef = 365BD20F2397F2CE00A9EE27 /* LXMineViewController.m */; };
		368EEAC123979B2700B4DB27 /* LXSearchBar.m in Sources */ = {isa = PBXBuildFile; fileRef = 368EEAC023979B2700B4DB27 /* LXSearchBar.m */; };
		368EEAC72397A0AA00B4DB27 /* UIView+Frame.m in Sources */ = {isa = PBXBuildFile; fileRef = 368EEAC62397A0AA00B4DB27 /* UIView+Frame.m */; };
		368EEACA2397A22E00B4DB27 /* LXDiscoverViewController.m in Sources */ = {isa = PBXBuildFile; fileRef = 368EEAC92397A22E00B4DB27 /* LXDiscoverViewController.m */; };
		368EEACD2397A45A00B4DB27 /* LXNavigationController.m in Sources */ = {isa = PBXBuildFile; fileRef = 368EEACC2397A45A00B4DB27 /* LXNavigationController.m */; };
		368EEAD02397A74800B4DB27 /* LXHomeViewController.m in Sources */ = {isa = PBXBuildFile; fileRef = 368EEACF2397A74700B4DB27 /* LXHomeViewController.m */; };
		368EEAD32397A7DB00B4DB27 /* LXTitleButton.m in Sources */ = {isa = PBXBuildFile; fileRef = 368EEAD22397A7DB00B4DB27 /* LXTitleButton.m */; };
		368EEAD62397A8F700B4DB27 /* UIBarButtonItem+Item.m in Sources */ = {isa = PBXBuildFile; fileRef = 368EEAD52397A8F700B4DB27 /* UIBarButtonItem+Item.m */; };
		368EEAD92397B29F00B4DB27 /* LXCover.m in Sources */ = {isa = PBXBuildFile; fileRef = 368EEAD82397B29F00B4DB27 /* LXCover.m */; };
		368EEADD2397B84800B4DB27 /* LXPopMenu.m in Sources */ = {isa = PBXBuildFile; fileRef = 368EEADC2397B84800B4DB27 /* LXPopMenu.m */; };
		368EEAE02397BB1600B4DB27 /* LXOneViewController.m in Sources */ = {isa = PBXBuildFile; fileRef = 368EEADF2397BB1600B4DB27 /* LXOneViewController.m */; };
		36918C1323978E58002A9994 /* UIImage+Image.m in Sources */ = {isa = PBXBuildFile; fileRef = 36918BFF23978E58002A9994 /* UIImage+Image.m */; };
		36918C1423978E58002A9994 /* main.m in Sources */ = {isa = PBXBuildFile; fileRef = 36918C0123978E58002A9994 /* main.m */; };
		36918C1523978E58002A9994 /* AppDelegate.m in Sources */ = {isa = PBXBuildFile; fileRef = 36918C0223978E58002A9994 /* AppDelegate.m */; };
		36918C1623978E58002A9994 /* LXTabBarController.m in Sources */ = {isa = PBXBuildFile; fileRef = 36918C0E23978E58002A9994 /* LXTabBarController.m */; };
		36918C1723978E58002A9994 /* LXTabBar.m in Sources */ = {isa = PBXBuildFile; fileRef = 36918C1223978E58002A9994 /* LXTabBar.m */; };
/* End PBXBuildFile section */

/* Begin PBXFileReference section */
		361AA2E1235F05600065CC8B /* WeiboDemo.app */ = {isa = PBXFileReference; explicitFileType = wrapper.application; includeInIndex = 0; path = WeiboDemo.app; sourceTree = BUILT_PRODUCTS_DIR; };
		361AA2F0235F05670065CC8B /* Assets.xcassets */ = {isa = PBXFileReference; lastKnownFileType = folder.assetcatalog; path = Assets.xcassets; sourceTree = "<group>"; };
		361AA2F3235F05670065CC8B /* Base */ = {isa = PBXFileReference; lastKnownFileType = file.storyboard; name = Base; path = Base.lproj/LaunchScreen.storyboard; sourceTree = "<group>"; };
		361AA2F5235F05670065CC8B /* Info.plist */ = {isa = PBXFileReference; lastKnownFileType = text.plist.xml; path = Info.plist; sourceTree = "<group>"; };
		365BD20B2397F0CF00A9EE27 /* LXMessageViewController.h */ = {isa = PBXFileReference; lastKnownFileType = sourcecode.c.h; path = LXMessageViewController.h; sourceTree = "<group>"; };
		365BD20C2397F0CF00A9EE27 /* LXMessageViewController.m */ = {isa = PBXFileReference; lastKnownFileType = sourcecode.c.objc; path = LXMessageViewController.m; sourceTree = "<group>"; };
		365BD20E2397F2CE00A9EE27 /* LXMineViewController.h */ = {isa = PBXFileReference; lastKnownFileType = sourcecode.c.h; path = LXMineViewController.h; sourceTree = "<group>"; };
		365BD20F2397F2CE00A9EE27 /* LXMineViewController.m */ = {isa = PBXFileReference; lastKnownFileType = sourcecode.c.objc; path = LXMineViewController.m; sourceTree = "<group>"; };
		368EEABF23979B2700B4DB27 /* LXSearchBar.h */ = {isa = PBXFileReference; lastKnownFileType = sourcecode.c.h; path = LXSearchBar.h; sourceTree = "<group>"; };
		368EEAC023979B2700B4DB27 /* LXSearchBar.m */ = {isa = PBXFileReference; lastKnownFileType = sourcecode.c.objc; path = LXSearchBar.m; sourceTree = "<group>"; };
		368EEAC52397A0AA00B4DB27 /* UIView+Frame.h */ = {isa = PBXFileReference; lastKnownFileType = sourcecode.c.h; path = "UIView+Frame.h"; sourceTree = "<group>"; };
		368EEAC62397A0AA00B4DB27 /* UIView+Frame.m */ = {isa = PBXFileReference; lastKnownFileType = sourcecode.c.objc; path = "UIView+Frame.m"; sourceTree = "<group>"; };
		368EEAC82397A22E00B4DB27 /* LXDiscoverViewController.h */ = {isa = PBXFileReference; lastKnownFileType = sourcecode.c.h; path = LXDiscoverViewController.h; sourceTree = "<group>"; };
		368EEAC92397A22E00B4DB27 /* LXDiscoverViewController.m */ = {isa = PBXFileReference; lastKnownFileType = sourcecode.c.objc; path = LXDiscoverViewController.m; sourceTree = "<group>"; };
		368EEACB2397A45A00B4DB27 /* LXNavigationController.h */ = {isa = PBXFileReference; lastKnownFileType = sourcecode.c.h; path = LXNavigationController.h; sourceTree = "<group>"; };
		368EEACC2397A45A00B4DB27 /* LXNavigationController.m */ = {isa = PBXFileReference; lastKnownFileType = sourcecode.c.objc; path = LXNavigationController.m; sourceTree = "<group>"; };
		368EEACE2397A74700B4DB27 /* LXHomeViewController.h */ = {isa = PBXFileReference; lastKnownFileType = sourcecode.c.h; path = LXHomeViewController.h; sourceTree = "<group>"; };
		368EEACF2397A74700B4DB27 /* LXHomeViewController.m */ = {isa = PBXFileReference; lastKnownFileType = sourcecode.c.objc; path = LXHomeViewController.m; sourceTree = "<group>"; };
		368EEAD12397A7DB00B4DB27 /* LXTitleButton.h */ = {isa = PBXFileReference; lastKnownFileType = sourcecode.c.h; path = LXTitleButton.h; sourceTree = "<group>"; };
		368EEAD22397A7DB00B4DB27 /* LXTitleButton.m */ = {isa = PBXFileReference; lastKnownFileType = sourcecode.c.objc; path = LXTitleButton.m; sourceTree = "<group>"; };
		368EEAD42397A8F700B4DB27 /* UIBarButtonItem+Item.h */ = {isa = PBXFileReference; lastKnownFileType = sourcecode.c.h; path = "UIBarButtonItem+Item.h"; sourceTree = "<group>"; };
		368EEAD52397A8F700B4DB27 /* UIBarButtonItem+Item.m */ = {isa = PBXFileReference; lastKnownFileType = sourcecode.c.objc; path = "UIBarButtonItem+Item.m"; sourceTree = "<group>"; };
		368EEAD72397B29F00B4DB27 /* LXCover.h */ = {isa = PBXFileReference; lastKnownFileType = sourcecode.c.h; path = LXCover.h; sourceTree = "<group>"; };
		368EEAD82397B29F00B4DB27 /* LXCover.m */ = {isa = PBXFileReference; lastKnownFileType = sourcecode.c.objc; path = LXCover.m; sourceTree = "<group>"; };
		368EEADA2397B3D700B4DB27 /* PrefixHeader.pch */ = {isa = PBXFileReference; lastKnownFileType = sourcecode.c.h; path = PrefixHeader.pch; sourceTree = "<group>"; };
		368EEADB2397B84800B4DB27 /* LXPopMenu.h */ = {isa = PBXFileReference; lastKnownFileType = sourcecode.c.h; path = LXPopMenu.h; sourceTree = "<group>"; };
		368EEADC2397B84800B4DB27 /* LXPopMenu.m */ = {isa = PBXFileReference; lastKnownFileType = sourcecode.c.objc; path = LXPopMenu.m; sourceTree = "<group>"; };
		368EEADE2397BB1600B4DB27 /* LXOneViewController.h */ = {isa = PBXFileReference; lastKnownFileType = sourcecode.c.h; path = LXOneViewController.h; sourceTree = "<group>"; };
		368EEADF2397BB1600B4DB27 /* LXOneViewController.m */ = {isa = PBXFileReference; lastKnownFileType = sourcecode.c.objc; path = LXOneViewController.m; sourceTree = "<group>"; };
		36918BFD23978E58002A9994 /* AppDelegate.h */ = {isa = PBXFileReference; fileEncoding = 4; lastKnownFileType = sourcecode.c.h; path = AppDelegate.h; sourceTree = "<group>"; };
		36918BFF23978E58002A9994 /* UIImage+Image.m */ = {isa = PBXFileReference; fileEncoding = 4; lastKnownFileType = sourcecode.c.objc; path = "UIImage+Image.m"; sourceTree = "<group>"; };
		36918C0023978E58002A9994 /* UIImage+Image.h */ = {isa = PBXFileReference; fileEncoding = 4; lastKnownFileType = sourcecode.c.h; path = "UIImage+Image.h"; sourceTree = "<group>"; };
		36918C0123978E58002A9994 /* main.m */ = {isa = PBXFileReference; fileEncoding = 4; lastKnownFileType = sourcecode.c.objc; path = main.m; sourceTree = "<group>"; };
		36918C0223978E58002A9994 /* AppDelegate.m */ = {isa = PBXFileReference; fileEncoding = 4; lastKnownFileType = sourcecode.c.objc; path = AppDelegate.m; sourceTree = "<group>"; };
		36918C0D23978E58002A9994 /* LXTabBarController.h */ = {isa = PBXFileReference; fileEncoding = 4; lastKnownFileType = sourcecode.c.h; path = LXTabBarController.h; sourceTree = "<group>"; };
		36918C0E23978E58002A9994 /* LXTabBarController.m */ = {isa = PBXFileReference; fileEncoding = 4; lastKnownFileType = sourcecode.c.objc; path = LXTabBarController.m; sourceTree = "<group>"; };
		36918C1123978E58002A9994 /* LXTabBar.h */ = {isa = PBXFileReference; fileEncoding = 4; lastKnownFileType = sourcecode.c.h; path = LXTabBar.h; sourceTree = "<group>"; };
		36918C1223978E58002A9994 /* LXTabBar.m */ = {isa = PBXFileReference; fileEncoding = 4; lastKnownFileType = sourcecode.c.objc; path = LXTabBar.m; sourceTree = "<group>"; };
/* End PBXFileReference section */

/* Begin PBXFrameworksBuildPhase section */
		361AA2DE235F05600065CC8B /* Frameworks */ = {
			isa = PBXFrameworksBuildPhase;
			buildActionMask = 2147483647;
			files = (
			);
			runOnlyForDeploymentPostprocessing = 0;
		};
/* End PBXFrameworksBuildPhase section */

/* Begin PBXGroup section */
		361AA2D8235F05600065CC8B = {
			isa = PBXGroup;
			children = (
				361AA2E3235F05600065CC8B /* WeiboDemo */,
				361AA2E2235F05600065CC8B /* Products */,
			);
			sourceTree = "<group>";
		};
		361AA2E2235F05600065CC8B /* Products */ = {
			isa = PBXGroup;
			children = (
				361AA2E1235F05600065CC8B /* WeiboDemo.app */,
			);
			name = Products;
			sourceTree = "<group>";
		};
		361AA2E3235F05600065CC8B /* WeiboDemo */ = {
			isa = PBXGroup;
			children = (
				361AA2F0235F05670065CC8B /* Assets.xcassets */,
				36918BF323978E58002A9994 /* Classes */,
				361AA2F5235F05670065CC8B /* Info.plist */,
				361AA2F2235F05670065CC8B /* LaunchScreen.storyboard */,
			);
			path = WeiboDemo;
			sourceTree = "<group>";
		};
		36918BF323978E58002A9994 /* Classes */ = {
			isa = PBXGroup;
			children = (
				36918BF423978E58002A9994 /* Home */,
				36918BF823978E58002A9994 /* Discover */,
				36918BFC23978E58002A9994 /* Other */,
				36918C0323978E58002A9994 /* Message */,
				36918C0723978E58002A9994 /* Mine */,
				36918C0B23978E58002A9994 /* Main */,
			);
			path = Classes;
			sourceTree = "<group>";
		};
		36918BF423978E58002A9994 /* Home */ = {
			isa = PBXGroup;
			children = (
				36918BF523978E58002A9994 /* Controller */,
				36918BF623978E58002A9994 /* Model */,
				36918BF723978E58002A9994 /* View */,
			);
			path = Home;
			sourceTree = "<group>";
		};
		36918BF523978E58002A9994 /* Controller */ = {
			isa = PBXGroup;
			children = (
				368EEACE2397A74700B4DB27 /* LXHomeViewController.h */,
				368EEACF2397A74700B4DB27 /* LXHomeViewController.m */,
				368EEADE2397BB1600B4DB27 /* LXOneViewController.h */,
				368EEADF2397BB1600B4DB27 /* LXOneViewController.m */,
			);
			path = Controller;
			sourceTree = "<group>";
		};
		36918BF623978E58002A9994 /* Model */ = {
			isa = PBXGroup;
			children = (
			);
			path = Model;
			sourceTree = "<group>";
		};
		36918BF723978E58002A9994 /* View */ = {
			isa = PBXGroup;
			children = (
				368EEAD12397A7DB00B4DB27 /* LXTitleButton.h */,
				368EEAD22397A7DB00B4DB27 /* LXTitleButton.m */,
				368EEAD72397B29F00B4DB27 /* LXCover.h */,
				368EEAD82397B29F00B4DB27 /* LXCover.m */,
				368EEADB2397B84800B4DB27 /* LXPopMenu.h */,
				368EEADC2397B84800B4DB27 /* LXPopMenu.m */,
			);
			path = View;
			sourceTree = "<group>";
		};
		36918BF823978E58002A9994 /* Discover */ = {
			isa = PBXGroup;
			children = (
				36918BF923978E58002A9994 /* Controller */,
				36918BFA23978E58002A9994 /* Model */,
				36918BFB23978E58002A9994 /* View */,
			);
			path = Discover;
			sourceTree = "<group>";
		};
		36918BF923978E58002A9994 /* Controller */ = {
			isa = PBXGroup;
			children = (
				368EEAC82397A22E00B4DB27 /* LXDiscoverViewController.h */,
				368EEAC92397A22E00B4DB27 /* LXDiscoverViewController.m */,
			);
			path = Controller;
			sourceTree = "<group>";
		};
		36918BFA23978E58002A9994 /* Model */ = {
			isa = PBXGroup;
			children = (
			);
			path = Model;
			sourceTree = "<group>";
		};
		36918BFB23978E58002A9994 /* View */ = {
			isa = PBXGroup;
			children = (
				368EEABF23979B2700B4DB27 /* LXSearchBar.h */,
				368EEAC023979B2700B4DB27 /* LXSearchBar.m */,
			);
			path = View;
			sourceTree = "<group>";
		};
		36918BFC23978E58002A9994 /* Other */ = {
			isa = PBXGroup;
			children = (
				36918BFE23978E58002A9994 /* Category */,
				36918BFD23978E58002A9994 /* AppDelegate.h */,
				36918C0123978E58002A9994 /* main.m */,
				36918C0223978E58002A9994 /* AppDelegate.m */,
				368EEADA2397B3D700B4DB27 /* PrefixHeader.pch */,
			);
			path = Other;
			sourceTree = "<group>";
		};
		36918BFE23978E58002A9994 /* Category */ = {
			isa = PBXGroup;
			children = (
				36918BFF23978E58002A9994 /* UIImage+Image.m */,
				36918C0023978E58002A9994 /* UIImage+Image.h */,
				368EEAC52397A0AA00B4DB27 /* UIView+Frame.h */,
				368EEAC62397A0AA00B4DB27 /* UIView+Frame.m */,
				368EEAD42397A8F700B4DB27 /* UIBarButtonItem+Item.h */,
				368EEAD52397A8F700B4DB27 /* UIBarButtonItem+Item.m */,
			);
			path = Category;
			sourceTree = "<group>";
		};
		36918C0323978E58002A9994 /* Message */ = {
			isa = PBXGroup;
			children = (
				36918C0423978E58002A9994 /* Controller */,
				36918C0523978E58002A9994 /* Model */,
				36918C0623978E58002A9994 /* View */,
			);
			path = Message;
			sourceTree = "<group>";
		};
		36918C0423978E58002A9994 /* Controller */ = {
			isa = PBXGroup;
			children = (
				365BD20B2397F0CF00A9EE27 /* LXMessageViewController.h */,
				365BD20C2397F0CF00A9EE27 /* LXMessageViewController.m */,
			);
			path = Controller;
			sourceTree = "<group>";
		};
		36918C0523978E58002A9994 /* Model */ = {
			isa = PBXGroup;
			children = (
			);
			path = Model;
			sourceTree = "<group>";
		};
		36918C0623978E58002A9994 /* View */ = {
			isa = PBXGroup;
			children = (
			);
			path = View;
			sourceTree = "<group>";
		};
		36918C0723978E58002A9994 /* Mine */ = {
			isa = PBXGroup;
			children = (
				36918C0823978E58002A9994 /* Controller */,
				36918C0923978E58002A9994 /* Model */,
				36918C0A23978E58002A9994 /* View */,
			);
			path = Mine;
			sourceTree = "<group>";
		};
		36918C0823978E58002A9994 /* Controller */ = {
			isa = PBXGroup;
			children = (
				365BD20E2397F2CE00A9EE27 /* LXMineViewController.h */,
				365BD20F2397F2CE00A9EE27 /* LXMineViewController.m */,
			);
			path = Controller;
			sourceTree = "<group>";
		};
		36918C0923978E58002A9994 /* Model */ = {
			isa = PBXGroup;
			children = (
			);
			path = Model;
			sourceTree = "<group>";
		};
		36918C0A23978E58002A9994 /* View */ = {
			isa = PBXGroup;
			children = (
			);
			path = View;
			sourceTree = "<group>";
		};
		36918C0B23978E58002A9994 /* Main */ = {
			isa = PBXGroup;
			children = (
				36918C0C23978E58002A9994 /* Controller */,
				36918C0F23978E58002A9994 /* Model */,
				36918C1023978E58002A9994 /* View */,
			);
			path = Main;
			sourceTree = "<group>";
		};
		36918C0C23978E58002A9994 /* Controller */ = {
			isa = PBXGroup;
			children = (
				36918C0D23978E58002A9994 /* LXTabBarController.h */,
				36918C0E23978E58002A9994 /* LXTabBarController.m */,
				368EEACB2397A45A00B4DB27 /* LXNavigationController.h */,
				368EEACC2397A45A00B4DB27 /* LXNavigationController.m */,
			);
			path = Controller;
			sourceTree = "<group>";
		};
		36918C0F23978E58002A9994 /* Model */ = {
			isa = PBXGroup;
			children = (
			);
			path = Model;
			sourceTree = "<group>";
		};
		36918C1023978E58002A9994 /* View */ = {
			isa = PBXGroup;
			children = (
				36918C1123978E58002A9994 /* LXTabBar.h */,
				36918C1223978E58002A9994 /* LXTabBar.m */,
			);
			path = View;
			sourceTree = "<group>";
		};
/* End PBXGroup section */

/* Begin PBXNativeTarget section */
		361AA2E0235F05600065CC8B /* WeiboDemo */ = {
			isa = PBXNativeTarget;
			buildConfigurationList = 361AA2FA235F05670065CC8B /* Build configuration list for PBXNativeTarget "WeiboDemo" */;
			buildPhases = (
				361AA2DD235F05600065CC8B /* Sources */,
				361AA2DE235F05600065CC8B /* Frameworks */,
				361AA2DF235F05600065CC8B /* Resources */,
			);
			buildRules = (
			);
			dependencies = (
			);
			name = WeiboDemo;
			productName = WeiboDemo;
			productReference = 361AA2E1235F05600065CC8B /* WeiboDemo.app */;
			productType = "com.apple.product-type.application";
		};
/* End PBXNativeTarget section */

/* Begin PBXProject section */
		361AA2D9235F05600065CC8B /* Project object */ = {
			isa = PBXProject;
			attributes = {
				CLASSPREFIX = LX;
				LastUpgradeCheck = 1110;
				ORGANIZATIONNAME = Werner;
				TargetAttributes = {
					361AA2E0235F05600065CC8B = {
						CreatedOnToolsVersion = 11.1;
					};
				};
			};
			buildConfigurationList = 361AA2DC235F05600065CC8B /* Build configuration list for PBXProject "WeiboDemo" */;
			compatibilityVersion = "Xcode 9.3";
			developmentRegion = en;
			hasScannedForEncodings = 0;
			knownRegions = (
				en,
				Base,
			);
			mainGroup = 361AA2D8235F05600065CC8B;
			productRefGroup = 361AA2E2235F05600065CC8B /* Products */;
			projectDirPath = "";
			projectRoot = "";
			targets = (
				361AA2E0235F05600065CC8B /* WeiboDemo */,
			);
		};
/* End PBXProject section */

/* Begin PBXResourcesBuildPhase section */
		361AA2DF235F05600065CC8B /* Resources */ = {
			isa = PBXResourcesBuildPhase;
			buildActionMask = 2147483647;
			files = (
				361AA2F4235F05670065CC8B /* LaunchScreen.storyboard in Resources */,
				361AA2F1235F05670065CC8B /* Assets.xcassets in Resources */,
			);
			runOnlyForDeploymentPostprocessing = 0;
		};
/* End PBXResourcesBuildPhase section */

/* Begin PBXSourcesBuildPhase section */
		361AA2DD235F05600065CC8B /* Sources */ = {
			isa = PBXSourcesBuildPhase;
			buildActionMask = 2147483647;
			files = (
				36918C1423978E58002A9994 /* main.m in Sources */,
				368EEAD92397B29F00B4DB27 /* LXCover.m in Sources */,
				368EEAD62397A8F700B4DB27 /* UIBarButtonItem+Item.m in Sources */,
				368EEACD2397A45A00B4DB27 /* LXNavigationController.m in Sources */,
				365BD2102397F2CE00A9EE27 /* LXMineViewController.m in Sources */,
				368EEADD2397B84800B4DB27 /* LXPopMenu.m in Sources */,
				368EEAE02397BB1600B4DB27 /* LXOneViewController.m in Sources */,
				368EEAC123979B2700B4DB27 /* LXSearchBar.m in Sources */,
				36918C1323978E58002A9994 /* UIImage+Image.m in Sources */,
				368EEAC72397A0AA00B4DB27 /* UIView+Frame.m in Sources */,
				36918C1523978E58002A9994 /* AppDelegate.m in Sources */,
				36918C1623978E58002A9994 /* LXTabBarController.m in Sources */,
				36918C1723978E58002A9994 /* LXTabBar.m in Sources */,
				365BD20D2397F0CF00A9EE27 /* LXMessageViewController.m in Sources */,
				368EEAD32397A7DB00B4DB27 /* LXTitleButton.m in Sources */,
				368EEACA2397A22E00B4DB27 /* LXDiscoverViewController.m in Sources */,
				368EEAD02397A74800B4DB27 /* LXHomeViewController.m in Sources */,
			);
			runOnlyForDeploymentPostprocessing = 0;
		};
/* End PBXSourcesBuildPhase section */

/* Begin PBXVariantGroup section */
		361AA2F2235F05670065CC8B /* LaunchScreen.storyboard */ = {
			isa = PBXVariantGroup;
			children = (
				361AA2F3235F05670065CC8B /* Base */,
			);
			name = LaunchScreen.storyboard;
			sourceTree = "<group>";
		};
/* End PBXVariantGroup section */

/* Begin XCBuildConfiguration section */
		361AA2F8235F05670065CC8B /* Debug */ = {
			isa = XCBuildConfiguration;
			buildSettings = {
				ALWAYS_SEARCH_USER_PATHS = NO;
				CLANG_ANALYZER_NONNULL = YES;
				CLANG_ANALYZER_NUMBER_OBJECT_CONVERSION = YES_AGGRESSIVE;
				CLANG_CXX_LANGUAGE_STANDARD = "gnu++14";
				CLANG_CXX_LIBRARY = "libc++";
				CLANG_ENABLE_MODULES = YES;
				CLANG_ENABLE_OBJC_ARC = YES;
				CLANG_ENABLE_OBJC_WEAK = YES;
				CLANG_WARN_BLOCK_CAPTURE_AUTORELEASING = YES;
				CLANG_WARN_BOOL_CONVERSION = YES;
				CLANG_WARN_COMMA = YES;
				CLANG_WARN_CONSTANT_CONVERSION = YES;
				CLANG_WARN_DEPRECATED_OBJC_IMPLEMENTATIONS = YES;
				CLANG_WARN_DIRECT_OBJC_ISA_USAGE = YES_ERROR;
				CLANG_WARN_DOCUMENTATION_COMMENTS = YES;
				CLANG_WARN_EMPTY_BODY = YES;
				CLANG_WARN_ENUM_CONVERSION = YES;
				CLANG_WARN_INFINITE_RECURSION = YES;
				CLANG_WARN_INT_CONVERSION = YES;
				CLANG_WARN_NON_LITERAL_NULL_CONVERSION = YES;
				CLANG_WARN_OBJC_IMPLICIT_RETAIN_SELF = YES;
				CLANG_WARN_OBJC_LITERAL_CONVERSION = YES;
				CLANG_WARN_OBJC_ROOT_CLASS = YES_ERROR;
				CLANG_WARN_RANGE_LOOP_ANALYSIS = YES;
				CLANG_WARN_STRICT_PROTOTYPES = YES;
				CLANG_WARN_SUSPICIOUS_MOVE = YES;
				CLANG_WARN_UNGUARDED_AVAILABILITY = YES_AGGRESSIVE;
				CLANG_WARN_UNREACHABLE_CODE = YES;
				CLANG_WARN__DUPLICATE_METHOD_MATCH = YES;
				COPY_PHASE_STRIP = NO;
				DEBUG_INFORMATION_FORMAT = dwarf;
				ENABLE_STRICT_OBJC_MSGSEND = YES;
				ENABLE_TESTABILITY = YES;
				GCC_C_LANGUAGE_STANDARD = gnu11;
				GCC_DYNAMIC_NO_PIC = NO;
				GCC_NO_COMMON_BLOCKS = YES;
				GCC_OPTIMIZATION_LEVEL = 0;
				GCC_PREPROCESSOR_DEFINITIONS = (
					"DEBUG=1",
					"$(inherited)",
				);
				GCC_WARN_64_TO_32_BIT_CONVERSION = YES;
				GCC_WARN_ABOUT_RETURN_TYPE = YES_ERROR;
				GCC_WARN_UNDECLARED_SELECTOR = YES;
				GCC_WARN_UNINITIALIZED_AUTOS = YES_AGGRESSIVE;
				GCC_WARN_UNUSED_FUNCTION = YES;
				GCC_WARN_UNUSED_VARIABLE = YES;
				IPHONEOS_DEPLOYMENT_TARGET = 13.1;
				MTL_ENABLE_DEBUG_INFO = INCLUDE_SOURCE;
				MTL_FAST_MATH = YES;
				ONLY_ACTIVE_ARCH = YES;
				SDKROOT = iphoneos;
			};
			name = Debug;
		};
		361AA2F9235F05670065CC8B /* Release */ = {
			isa = XCBuildConfiguration;
			buildSettings = {
				ALWAYS_SEARCH_USER_PATHS = NO;
				CLANG_ANALYZER_NONNULL = YES;
				CLANG_ANALYZER_NUMBER_OBJECT_CONVERSION = YES_AGGRESSIVE;
				CLANG_CXX_LANGUAGE_STANDARD = "gnu++14";
				CLANG_CXX_LIBRARY = "libc++";
				CLANG_ENABLE_MODULES = YES;
				CLANG_ENABLE_OBJC_ARC = YES;
				CLANG_ENABLE_OBJC_WEAK = YES;
				CLANG_WARN_BLOCK_CAPTURE_AUTORELEASING = YES;
				CLANG_WARN_BOOL_CONVERSION = YES;
				CLANG_WARN_COMMA = YES;
				CLANG_WARN_CONSTANT_CONVERSION = YES;
				CLANG_WARN_DEPRECATED_OBJC_IMPLEMENTATIONS = YES;
				CLANG_WARN_DIRECT_OBJC_ISA_USAGE = YES_ERROR;
				CLANG_WARN_DOCUMENTATION_COMMENTS = YES;
				CLANG_WARN_EMPTY_BODY = YES;
				CLANG_WARN_ENUM_CONVERSION = YES;
				CLANG_WARN_INFINITE_RECURSION = YES;
				CLANG_WARN_INT_CONVERSION = YES;
				CLANG_WARN_NON_LITERAL_NULL_CONVERSION = YES;
				CLANG_WARN_OBJC_IMPLICIT_RETAIN_SELF = YES;
				CLANG_WARN_OBJC_LITERAL_CONVERSION = YES;
				CLANG_WARN_OBJC_ROOT_CLASS = YES_ERROR;
				CLANG_WARN_RANGE_LOOP_ANALYSIS = YES;
				CLANG_WARN_STRICT_PROTOTYPES = YES;
				CLANG_WARN_SUSPICIOUS_MOVE = YES;
				CLANG_WARN_UNGUARDED_AVAILABILITY = YES_AGGRESSIVE;
				CLANG_WARN_UNREACHABLE_CODE = YES;
				CLANG_WARN__DUPLICATE_METHOD_MATCH = YES;
				COPY_PHASE_STRIP = NO;
				DEBUG_INFORMATION_FORMAT = "dwarf-with-dsym";
				ENABLE_NS_ASSERTIONS = NO;
				ENABLE_STRICT_OBJC_MSGSEND = YES;
				GCC_C_LANGUAGE_STANDARD = gnu11;
				GCC_NO_COMMON_BLOCKS = YES;
				GCC_WARN_64_TO_32_BIT_CONVERSION = YES;
				GCC_WARN_ABOUT_RETURN_TYPE = YES_ERROR;
				GCC_WARN_UNDECLARED_SELECTOR = YES;
				GCC_WARN_UNINITIALIZED_AUTOS = YES_AGGRESSIVE;
				GCC_WARN_UNUSED_FUNCTION = YES;
				GCC_WARN_UNUSED_VARIABLE = YES;
				IPHONEOS_DEPLOYMENT_TARGET = 13.1;
				MTL_ENABLE_DEBUG_INFO = NO;
				MTL_FAST_MATH = YES;
				SDKROOT = iphoneos;
				VALIDATE_PRODUCT = YES;
			};
			name = Release;
		};
		361AA2FB235F05670065CC8B /* Debug */ = {
			isa = XCBuildConfiguration;
			buildSettings = {
				ASSETCATALOG_COMPILER_APPICON_NAME = AppIcon;
				CODE_SIGN_STYLE = Automatic;
				DEVELOPMENT_TEAM = GSD4XJJ42Y;
				GCC_PRECOMPILE_PREFIX_HEADER = YES;
				GCC_PREFIX_HEADER = "$(SRCROOT)/WeiboDemo/Classes/Other/PrefixHeader.pch";
				INFOPLIST_FILE = WeiboDemo/Info.plist;
				IPHONEOS_DEPLOYMENT_TARGET = 8.0;
				LD_RUNPATH_SEARCH_PATHS = (
					"$(inherited)",
					"@executable_path/Frameworks",
				);
				PRODUCT_BUNDLE_IDENTIFIER = com.werner.weibo;
				PRODUCT_NAME = "$(TARGET_NAME)";
				TARGETED_DEVICE_FAMILY = 1;
			};
			name = Debug;
		};
		361AA2FC235F05670065CC8B /* Release */ = {
			isa = XCBuildConfiguration;
			buildSettings = {
				ASSETCATALOG_COMPILER_APPICON_NAME = AppIcon;
				CODE_SIGN_STYLE = Automatic;
				DEVELOPMENT_TEAM = GSD4XJJ42Y;
				GCC_PRECOMPILE_PREFIX_HEADER = YES;
				GCC_PREFIX_HEADER = "$(SRCROOT)/WeiboDemo/Classes/Other/PrefixHeader.pch";
				INFOPLIST_FILE = WeiboDemo/Info.plist;
				IPHONEOS_DEPLOYMENT_TARGET = 8.0;
				LD_RUNPATH_SEARCH_PATHS = (
					"$(inherited)",
					"@executable_path/Frameworks",
				);
				PRODUCT_BUNDLE_IDENTIFIER = com.werner.weibo;
				PRODUCT_NAME = "$(TARGET_NAME)";
				TARGETED_DEVICE_FAMILY = 1;
			};
			name = Release;
		};
/* End XCBuildConfiguration section */

/* Begin XCConfigurationList section */
		361AA2DC235F05600065CC8B /* Build configuration list for PBXProject "WeiboDemo" */ = {
			isa = XCConfigurationList;
			buildConfigurations = (
				361AA2F8235F05670065CC8B /* Debug */,
				361AA2F9235F05670065CC8B /* Release */,
			);
			defaultConfigurationIsVisible = 0;
			defaultConfigurationName = Release;
		};
		361AA2FA235F05670065CC8B /* Build configuration list for PBXNativeTarget "WeiboDemo" */ = {
			isa = XCConfigurationList;
			buildConfigurations = (
				361AA2FB235F05670065CC8B /* Debug */,
				361AA2FC235F05670065CC8B /* Release */,
			);
			defaultConfigurationIsVisible = 0;
			defaultConfigurationName = Release;
		};
/* End XCConfigurationList section */
	};
	rootObject = 361AA2D9235F05600065CC8B /* Project object */;
}
