// !$*UTF8*$!
{
	archiveVersion = 1;
	classes = {
	};
	objectVersion = 51;
	objects = {

/* Begin PBXBuildFile section */
		361AA2F1235F05670065CC8B /* Assets.xcassets in Resources */ = {isa = PBXBuildFile; fileRef = 361AA2F0235F05670065CC8B /* Assets.xcassets */; };
		361AA2F4235F05670065CC8B /* LaunchScreen.storyboard in Resources */ = {isa = PBXBuildFile; fileRef = 361AA2F2235F05670065CC8B /* LaunchScreen.storyboard */; };
		3649B52C239BA9C800A613B5 /* LXStatus.m in Sources */ = {isa = PBXBuildFile; fileRef = 3649B52B239BA9C800A613B5 /* LXStatus.m */; };
		3649B52F239BAA7F00A613B5 /* LXUser.m in Sources */ = {isa = PBXBuildFile; fileRef = 3649B52E239BAA7F00A613B5 /* LXUser.m */; };
		365BD20D2397F0CF00A9EE27 /* LXMessageViewController.m in Sources */ = {isa = PBXBuildFile; fileRef = 365BD20C2397F0CF00A9EE27 /* LXMessageViewController.m */; };
		365BD2102397F2CE00A9EE27 /* LXMineViewController.m in Sources */ = {isa = PBXBuildFile; fileRef = 365BD20F2397F2CE00A9EE27 /* LXMineViewController.m */; };
		365BD215239939B100A9EE27 /* CustomTabBarController.m in Sources */ = {isa = PBXBuildFile; fileRef = 365BD214239939B100A9EE27 /* CustomTabBarController.m */; };
		365BD21823993A0F00A9EE27 /* CustomTabBar.m in Sources */ = {isa = PBXBuildFile; fileRef = 365BD21723993A0F00A9EE27 /* CustomTabBar.m */; };
		365BD21B23993C0A00A9EE27 /* CustomTabBarButton.m in Sources */ = {isa = PBXBuildFile; fileRef = 365BD21A23993C0A00A9EE27 /* CustomTabBarButton.m */; };
		365BD21E23993E7700A9EE27 /* CustomBadge.m in Sources */ = {isa = PBXBuildFile; fileRef = 365BD21D23993E7700A9EE27 /* CustomBadge.m */; };
		366C1A85239DF28100B59001 /* NetworkUtil.m in Sources */ = {isa = PBXBuildFile; fileRef = 366C1A84239DF28100B59001 /* NetworkUtil.m */; };
		366C1A89239E27C500B59001 /* LXStatusTool.m in Sources */ = {isa = PBXBuildFile; fileRef = 366C1A88239E27C500B59001 /* LXStatusTool.m */; };
		366C1A8F239E2B7700B59001 /* LXStatusParam.m in Sources */ = {isa = PBXBuildFile; fileRef = 366C1A8E239E2B7700B59001 /* LXStatusParam.m */; };
		366C1A92239E2CBE00B59001 /* LXStatusResult.m in Sources */ = {isa = PBXBuildFile; fileRef = 366C1A91239E2CBE00B59001 /* LXStatusResult.m */; };
		366C1A95239E345B00B59001 /* LXAccountParam.m in Sources */ = {isa = PBXBuildFile; fileRef = 366C1A94239E345B00B59001 /* LXAccountParam.m */; };
		366C1A99239E431F00B59001 /* silence.mp3 in Resources */ = {isa = PBXBuildFile; fileRef = 366C1A97239E431F00B59001 /* silence.mp3 */; };
		366C1A9A239E431F00B59001 /* test.mp3 in Resources */ = {isa = PBXBuildFile; fileRef = 366C1A98239E431F00B59001 /* test.mp3 */; };
		366C1A9D239E49B200B59001 /* LXUserTool.m in Sources */ = {isa = PBXBuildFile; fileRef = 366C1A9C239E49B200B59001 /* LXUserTool.m */; };
		366C1AA0239E4A7600B59001 /* LXUserParam.m in Sources */ = {isa = PBXBuildFile; fileRef = 366C1A9F239E4A7600B59001 /* LXUserParam.m */; };
		367D2AA4239F33AC009AF4A5 /* LXStatusFrame.m in Sources */ = {isa = PBXBuildFile; fileRef = 367D2AA3239F33AC009AF4A5 /* LXStatusFrame.m */; };
		367D2AA7239F7616009AF4A5 /* NSDate+MJ.m in Sources */ = {isa = PBXBuildFile; fileRef = 367D2AA5239F7616009AF4A5 /* NSDate+MJ.m */; };
		367D2AAA23A0821A009AF4A5 /* LXPhotosView.m in Sources */ = {isa = PBXBuildFile; fileRef = 367D2AA923A0821A009AF4A5 /* LXPhotosView.m */; };
		3686911123A1D35B00FAA901 /* LXComposePhotosView.m in Sources */ = {isa = PBXBuildFile; fileRef = 3686911023A1D35B00FAA901 /* LXComposePhotosView.m */; };
		368EEAC123979B2700B4DB27 /* LXSearchBar.m in Sources */ = {isa = PBXBuildFile; fileRef = 368EEAC023979B2700B4DB27 /* LXSearchBar.m */; };
		368EEAC72397A0AA00B4DB27 /* UIView+Frame.m in Sources */ = {isa = PBXBuildFile; fileRef = 368EEAC62397A0AA00B4DB27 /* UIView+Frame.m */; };
		368EEACA2397A22E00B4DB27 /* LXDiscoverViewController.m in Sources */ = {isa = PBXBuildFile; fileRef = 368EEAC92397A22E00B4DB27 /* LXDiscoverViewController.m */; };
		368EEACD2397A45A00B4DB27 /* LXNavigationController.m in Sources */ = {isa = PBXBuildFile; fileRef = 368EEACC2397A45A00B4DB27 /* LXNavigationController.m */; };
		368EEAD02397A74800B4DB27 /* LXHomeViewController.m in Sources */ = {isa = PBXBuildFile; fileRef = 368EEACF2397A74700B4DB27 /* LXHomeViewController.m */; };
		368EEAD32397A7DB00B4DB27 /* LXTitleButton.m in Sources */ = {isa = PBXBuildFile; fileRef = 368EEAD22397A7DB00B4DB27 /* LXTitleButton.m */; };
		368EEAD62397A8F700B4DB27 /* UIBarButtonItem+Item.m in Sources */ = {isa = PBXBuildFile; fileRef = 368EEAD52397A8F700B4DB27 /* UIBarButtonItem+Item.m */; };
		368EEAD92397B29F00B4DB27 /* LXCover.m in Sources */ = {isa = PBXBuildFile; fileRef = 368EEAD82397B29F00B4DB27 /* LXCover.m */; };
		368EEADD2397B84800B4DB27 /* LXPopMenu.m in Sources */ = {isa = PBXBuildFile; fileRef = 368EEADC2397B84800B4DB27 /* LXPopMenu.m */; };
		368EEAE02397BB1600B4DB27 /* LXOneViewController.m in Sources */ = {isa = PBXBuildFile; fileRef = 368EEADF2397BB1600B4DB27 /* LXOneViewController.m */; };
		368EEAE923990BB600B4DB27 /* LXNewFeatureController.m in Sources */ = {isa = PBXBuildFile; fileRef = 368EEAE823990BB600B4DB27 /* LXNewFeatureController.m */; };
		368EEAED23990EDD00B4DB27 /* LXNewFeatureCell.m in Sources */ = {isa = PBXBuildFile; fileRef = 368EEAEC23990EDD00B4DB27 /* LXNewFeatureCell.m */; };
		36918C1323978E58002A9994 /* UIImage+Image.m in Sources */ = {isa = PBXBuildFile; fileRef = 36918BFF23978E58002A9994 /* UIImage+Image.m */; };
		36918C1423978E58002A9994 /* main.m in Sources */ = {isa = PBXBuildFile; fileRef = 36918C0123978E58002A9994 /* main.m */; };
		36918C1523978E58002A9994 /* AppDelegate.m in Sources */ = {isa = PBXBuildFile; fileRef = 36918C0223978E58002A9994 /* AppDelegate.m */; };
		36918C1623978E58002A9994 /* LXTabBarController.m in Sources */ = {isa = PBXBuildFile; fileRef = 36918C0E23978E58002A9994 /* LXTabBarController.m */; };
		36918C1723978E58002A9994 /* LXTabBar.m in Sources */ = {isa = PBXBuildFile; fileRef = 36918C1223978E58002A9994 /* LXTabBar.m */; };
		36A92C30239E7DD9001017A3 /* LXStatusCell.m in Sources */ = {isa = PBXBuildFile; fileRef = 36A92C2F239E7DD9001017A3 /* LXStatusCell.m */; };
		36A92C33239E7EFA001017A3 /* LXOriginalView.m in Sources */ = {isa = PBXBuildFile; fileRef = 36A92C32239E7EFA001017A3 /* LXOriginalView.m */; };
		36A92C36239E7F18001017A3 /* LXRetweetView.m in Sources */ = {isa = PBXBuildFile; fileRef = 36A92C35239E7F18001017A3 /* LXRetweetView.m */; };
		36A92C39239E7F2D001017A3 /* LXStatusToolBar.m in Sources */ = {isa = PBXBuildFile; fileRef = 36A92C38239E7F2D001017A3 /* LXStatusToolBar.m */; };
		36DDBC5823A08D6000325B48 /* LXPhoto.m in Sources */ = {isa = PBXBuildFile; fileRef = 36DDBC5723A08D6000325B48 /* LXPhoto.m */; };
		36DDBC6923A0C3CA00325B48 /* MJPhotoLoadingView.m in Sources */ = {isa = PBXBuildFile; fileRef = 36DDBC5A23A0C3CA00325B48 /* MJPhotoLoadingView.m */; };
		36DDBC6A23A0C3CA00325B48 /* MJPhotoView.m in Sources */ = {isa = PBXBuildFile; fileRef = 36DDBC5C23A0C3CA00325B48 /* MJPhotoView.m */; };
		36DDBC6B23A0C3CA00325B48 /* MJPhotoBrowser.bundle in Resources */ = {isa = PBXBuildFile; fileRef = 36DDBC5E23A0C3CA00325B48 /* MJPhotoBrowser.bundle */; };
		36DDBC6C23A0C3CA00325B48 /* MJPhoto.m in Sources */ = {isa = PBXBuildFile; fileRef = 36DDBC5F23A0C3CA00325B48 /* MJPhoto.m */; };
		36DDBC6D23A0C3CA00325B48 /* MJPhotoToolbar.m in Sources */ = {isa = PBXBuildFile; fileRef = 36DDBC6423A0C3CA00325B48 /* MJPhotoToolbar.m */; };
		36DDBC6E23A0C3CA00325B48 /* MJPhotoProgressView.m in Sources */ = {isa = PBXBuildFile; fileRef = 36DDBC6623A0C3CA00325B48 /* MJPhotoProgressView.m */; };
		36DDBC6F23A0C3CA00325B48 /* SDWebImageManager+MJ.m in Sources */ = {isa = PBXBuildFile; fileRef = 36DDBC6723A0C3CA00325B48 /* SDWebImageManager+MJ.m */; };
		36DDBC7023A0C3CA00325B48 /* MJPhotoBrowser.m in Sources */ = {isa = PBXBuildFile; fileRef = 36DDBC6823A0C3CA00325B48 /* MJPhotoBrowser.m */; };
		36DDBC7323A0D23700325B48 /* LXPhotoImageView.m in Sources */ = {isa = PBXBuildFile; fileRef = 36DDBC7223A0D23700325B48 /* LXPhotoImageView.m */; };
		36DDBC7823A0D97000325B48 /* LXComposeViewController.m in Sources */ = {isa = PBXBuildFile; fileRef = 36DDBC7723A0D97000325B48 /* LXComposeViewController.m */; };
		36DDBC7C23A0E5C700325B48 /* LXTextView.m in Sources */ = {isa = PBXBuildFile; fileRef = 36DDBC7B23A0E5C700325B48 /* LXTextView.m */; };
		36DDBC7F23A0EBC900325B48 /* LXComposeToolBar.m in Sources */ = {isa = PBXBuildFile; fileRef = 36DDBC7E23A0EBC900325B48 /* LXComposeToolBar.m */; };
		36EC1382239B452D00BD25C9 /* LXOAuthViewController.m in Sources */ = {isa = PBXBuildFile; fileRef = 36EC1381239B452D00BD25C9 /* LXOAuthViewController.m */; };
		36EC1384239B4ECE00BD25C9 /* podfile in Resources */ = {isa = PBXBuildFile; fileRef = 36EC1383239B4ECE00BD25C9 /* podfile */; };
		36EC1387239B7C1100BD25C9 /* MBProgressHUD+Ext.m in Sources */ = {isa = PBXBuildFile; fileRef = 36EC1386239B7C1100BD25C9 /* MBProgressHUD+Ext.m */; };
		36EC138B239B85D000BD25C9 /* LXAccount.m in Sources */ = {isa = PBXBuildFile; fileRef = 36EC138A239B85D000BD25C9 /* LXAccount.m */; };
		36EC13A0239B9A7E00BD25C9 /* AccountUtil.m in Sources */ = {isa = PBXBuildFile; fileRef = 36EC139F239B9A7E00BD25C9 /* AccountUtil.m */; };
		36EC13A3239B9AA200BD25C9 /* GlobalUtil.m in Sources */ = {isa = PBXBuildFile; fileRef = 36EC13A2239B9AA200BD25C9 /* GlobalUtil.m */; };
		57F3F98E8300FD385D7A20F1 /* libPods-WeiboDemo.a in Frameworks */ = {isa = PBXBuildFile; fileRef = 363DA417DE7F9891DF256CD7 /* libPods-WeiboDemo.a */; };
/* End PBXBuildFile section */

/* Begin PBXFileReference section */
		22ED49F6B87EE6967A4370C2 /* Pods-WeiboDemo.debug.xcconfig */ = {isa = PBXFileReference; includeInIndex = 1; lastKnownFileType = text.xcconfig; name = "Pods-WeiboDemo.debug.xcconfig"; path = "Target Support Files/Pods-WeiboDemo/Pods-WeiboDemo.debug.xcconfig"; sourceTree = "<group>"; };
		361AA2E1235F05600065CC8B /* WeiboDemo.app */ = {isa = PBXFileReference; explicitFileType = wrapper.application; includeInIndex = 0; path = WeiboDemo.app; sourceTree = BUILT_PRODUCTS_DIR; };
		361AA2F0235F05670065CC8B /* Assets.xcassets */ = {isa = PBXFileReference; lastKnownFileType = folder.assetcatalog; path = Assets.xcassets; sourceTree = "<group>"; };
		361AA2F3235F05670065CC8B /* Base */ = {isa = PBXFileReference; lastKnownFileType = file.storyboard; name = Base; path = Base.lproj/LaunchScreen.storyboard; sourceTree = "<group>"; };
		361AA2F5235F05670065CC8B /* Info.plist */ = {isa = PBXFileReference; lastKnownFileType = text.plist.xml; path = Info.plist; sourceTree = "<group>"; };
		363DA417DE7F9891DF256CD7 /* libPods-WeiboDemo.a */ = {isa = PBXFileReference; explicitFileType = archive.ar; includeInIndex = 0; path = "libPods-WeiboDemo.a"; sourceTree = BUILT_PRODUCTS_DIR; };
		3649B52A239BA9C800A613B5 /* LXStatus.h */ = {isa = PBXFileReference; lastKnownFileType = sourcecode.c.h; name = LXStatus.h; path = WeiboDemo/Classes/Other/Utils/LXStatus.h; sourceTree = SOURCE_ROOT; };
		3649B52B239BA9C800A613B5 /* LXStatus.m */ = {isa = PBXFileReference; lastKnownFileType = sourcecode.c.objc; name = LXStatus.m; path = WeiboDemo/Classes/Other/Utils/LXStatus.m; sourceTree = SOURCE_ROOT; };
		3649B52D239BAA7F00A613B5 /* LXUser.h */ = {isa = PBXFileReference; lastKnownFileType = sourcecode.c.h; name = LXUser.h; path = WeiboDemo/Classes/Other/Utils/LXUser.h; sourceTree = SOURCE_ROOT; };
		3649B52E239BAA7F00A613B5 /* LXUser.m */ = {isa = PBXFileReference; lastKnownFileType = sourcecode.c.objc; name = LXUser.m; path = WeiboDemo/Classes/Other/Utils/LXUser.m; sourceTree = SOURCE_ROOT; };
		365BD20B2397F0CF00A9EE27 /* LXMessageViewController.h */ = {isa = PBXFileReference; lastKnownFileType = sourcecode.c.h; path = LXMessageViewController.h; sourceTree = "<group>"; };
		365BD20C2397F0CF00A9EE27 /* LXMessageViewController.m */ = {isa = PBXFileReference; lastKnownFileType = sourcecode.c.objc; path = LXMessageViewController.m; sourceTree = "<group>"; };
		365BD20E2397F2CE00A9EE27 /* LXMineViewController.h */ = {isa = PBXFileReference; lastKnownFileType = sourcecode.c.h; path = LXMineViewController.h; sourceTree = "<group>"; };
		365BD20F2397F2CE00A9EE27 /* LXMineViewController.m */ = {isa = PBXFileReference; lastKnownFileType = sourcecode.c.objc; path = LXMineViewController.m; sourceTree = "<group>"; };
		365BD213239939B100A9EE27 /* CustomTabBarController.h */ = {isa = PBXFileReference; lastKnownFileType = sourcecode.c.h; path = CustomTabBarController.h; sourceTree = "<group>"; };
		365BD214239939B100A9EE27 /* CustomTabBarController.m */ = {isa = PBXFileReference; lastKnownFileType = sourcecode.c.objc; path = CustomTabBarController.m; sourceTree = "<group>"; };
		365BD21623993A0F00A9EE27 /* CustomTabBar.h */ = {isa = PBXFileReference; lastKnownFileType = sourcecode.c.h; path = CustomTabBar.h; sourceTree = "<group>"; };
		365BD21723993A0F00A9EE27 /* CustomTabBar.m */ = {isa = PBXFileReference; lastKnownFileType = sourcecode.c.objc; path = CustomTabBar.m; sourceTree = "<group>"; };
		365BD21923993C0A00A9EE27 /* CustomTabBarButton.h */ = {isa = PBXFileReference; lastKnownFileType = sourcecode.c.h; path = CustomTabBarButton.h; sourceTree = "<group>"; };
		365BD21A23993C0A00A9EE27 /* CustomTabBarButton.m */ = {isa = PBXFileReference; lastKnownFileType = sourcecode.c.objc; path = CustomTabBarButton.m; sourceTree = "<group>"; };
		365BD21C23993E7700A9EE27 /* CustomBadge.h */ = {isa = PBXFileReference; lastKnownFileType = sourcecode.c.h; path = CustomBadge.h; sourceTree = "<group>"; };
		365BD21D23993E7700A9EE27 /* CustomBadge.m */ = {isa = PBXFileReference; lastKnownFileType = sourcecode.c.objc; path = CustomBadge.m; sourceTree = "<group>"; };
		366C1A83239DF28100B59001 /* NetworkUtil.h */ = {isa = PBXFileReference; lastKnownFileType = sourcecode.c.h; path = NetworkUtil.h; sourceTree = "<group>"; };
		366C1A84239DF28100B59001 /* NetworkUtil.m */ = {isa = PBXFileReference; lastKnownFileType = sourcecode.c.objc; path = NetworkUtil.m; sourceTree = "<group>"; };
		366C1A87239E27C500B59001 /* LXStatusTool.h */ = {isa = PBXFileReference; lastKnownFileType = sourcecode.c.h; path = LXStatusTool.h; sourceTree = "<group>"; };
		366C1A88239E27C500B59001 /* LXStatusTool.m */ = {isa = PBXFileReference; lastKnownFileType = sourcecode.c.objc; path = LXStatusTool.m; sourceTree = "<group>"; };
		366C1A8D239E2B7700B59001 /* LXStatusParam.h */ = {isa = PBXFileReference; lastKnownFileType = sourcecode.c.h; path = LXStatusParam.h; sourceTree = "<group>"; };
		366C1A8E239E2B7700B59001 /* LXStatusParam.m */ = {isa = PBXFileReference; lastKnownFileType = sourcecode.c.objc; path = LXStatusParam.m; sourceTree = "<group>"; };
		366C1A90239E2CBE00B59001 /* LXStatusResult.h */ = {isa = PBXFileReference; lastKnownFileType = sourcecode.c.h; path = LXStatusResult.h; sourceTree = "<group>"; };
		366C1A91239E2CBE00B59001 /* LXStatusResult.m */ = {isa = PBXFileReference; lastKnownFileType = sourcecode.c.objc; path = LXStatusResult.m; sourceTree = "<group>"; };
		366C1A93239E345B00B59001 /* LXAccountParam.h */ = {isa = PBXFileReference; lastKnownFileType = sourcecode.c.h; path = LXAccountParam.h; sourceTree = "<group>"; };
		366C1A94239E345B00B59001 /* LXAccountParam.m */ = {isa = PBXFileReference; lastKnownFileType = sourcecode.c.objc; path = LXAccountParam.m; sourceTree = "<group>"; };
		366C1A97239E431F00B59001 /* silence.mp3 */ = {isa = PBXFileReference; lastKnownFileType = audio.mp3; path = silence.mp3; sourceTree = "<group>"; };
		366C1A98239E431F00B59001 /* test.mp3 */ = {isa = PBXFileReference; lastKnownFileType = audio.mp3; path = test.mp3; sourceTree = "<group>"; };
		366C1A9B239E49B200B59001 /* LXUserTool.h */ = {isa = PBXFileReference; lastKnownFileType = sourcecode.c.h; path = LXUserTool.h; sourceTree = "<group>"; };
		366C1A9C239E49B200B59001 /* LXUserTool.m */ = {isa = PBXFileReference; lastKnownFileType = sourcecode.c.objc; path = LXUserTool.m; sourceTree = "<group>"; };
		366C1A9E239E4A7600B59001 /* LXUserParam.h */ = {isa = PBXFileReference; lastKnownFileType = sourcecode.c.h; path = LXUserParam.h; sourceTree = "<group>"; };
		366C1A9F239E4A7600B59001 /* LXUserParam.m */ = {isa = PBXFileReference; lastKnownFileType = sourcecode.c.objc; path = LXUserParam.m; sourceTree = "<group>"; };
		367D2AA2239F33AC009AF4A5 /* LXStatusFrame.h */ = {isa = PBXFileReference; lastKnownFileType = sourcecode.c.h; name = LXStatusFrame.h; path = WeiboDemo/Classes/Other/Utils/ParamModel/LXStatusFrame.h; sourceTree = SOURCE_ROOT; };
		367D2AA3239F33AC009AF4A5 /* LXStatusFrame.m */ = {isa = PBXFileReference; lastKnownFileType = sourcecode.c.objc; name = LXStatusFrame.m; path = WeiboDemo/Classes/Other/Utils/ParamModel/LXStatusFrame.m; sourceTree = SOURCE_ROOT; };
		367D2AA5239F7616009AF4A5 /* NSDate+MJ.m */ = {isa = PBXFileReference; fileEncoding = 4; lastKnownFileType = sourcecode.c.objc; path = "NSDate+MJ.m"; sourceTree = "<group>"; };
		367D2AA6239F7616009AF4A5 /* NSDate+MJ.h */ = {isa = PBXFileReference; fileEncoding = 4; lastKnownFileType = sourcecode.c.h; path = "NSDate+MJ.h"; sourceTree = "<group>"; };
		367D2AA823A0821A009AF4A5 /* LXPhotosView.h */ = {isa = PBXFileReference; lastKnownFileType = sourcecode.c.h; path = LXPhotosView.h; sourceTree = "<group>"; };
		367D2AA923A0821A009AF4A5 /* LXPhotosView.m */ = {isa = PBXFileReference; lastKnownFileType = sourcecode.c.objc; path = LXPhotosView.m; sourceTree = "<group>"; };
		3686910F23A1D35B00FAA901 /* LXComposePhotosView.h */ = {isa = PBXFileReference; lastKnownFileType = sourcecode.c.h; path = LXComposePhotosView.h; sourceTree = "<group>"; };
		3686911023A1D35B00FAA901 /* LXComposePhotosView.m */ = {isa = PBXFileReference; lastKnownFileType = sourcecode.c.objc; path = LXComposePhotosView.m; sourceTree = "<group>"; };
		368EEABF23979B2700B4DB27 /* LXSearchBar.h */ = {isa = PBXFileReference; lastKnownFileType = sourcecode.c.h; path = LXSearchBar.h; sourceTree = "<group>"; };
		368EEAC023979B2700B4DB27 /* LXSearchBar.m */ = {isa = PBXFileReference; lastKnownFileType = sourcecode.c.objc; path = LXSearchBar.m; sourceTree = "<group>"; };
		368EEAC52397A0AA00B4DB27 /* UIView+Frame.h */ = {isa = PBXFileReference; lastKnownFileType = sourcecode.c.h; path = "UIView+Frame.h"; sourceTree = "<group>"; };
		368EEAC62397A0AA00B4DB27 /* UIView+Frame.m */ = {isa = PBXFileReference; lastKnownFileType = sourcecode.c.objc; path = "UIView+Frame.m"; sourceTree = "<group>"; };
		368EEAC82397A22E00B4DB27 /* LXDiscoverViewController.h */ = {isa = PBXFileReference; lastKnownFileType = sourcecode.c.h; path = LXDiscoverViewController.h; sourceTree = "<group>"; };
		368EEAC92397A22E00B4DB27 /* LXDiscoverViewController.m */ = {isa = PBXFileReference; lastKnownFileType = sourcecode.c.objc; path = LXDiscoverViewController.m; sourceTree = "<group>"; };
		368EEACB2397A45A00B4DB27 /* LXNavigationController.h */ = {isa = PBXFileReference; lastKnownFileType = sourcecode.c.h; path = LXNavigationController.h; sourceTree = "<group>"; };
		368EEACC2397A45A00B4DB27 /* LXNavigationController.m */ = {isa = PBXFileReference; lastKnownFileType = sourcecode.c.objc; path = LXNavigationController.m; sourceTree = "<group>"; };
		368EEACE2397A74700B4DB27 /* LXHomeViewController.h */ = {isa = PBXFileReference; lastKnownFileType = sourcecode.c.h; path = LXHomeViewController.h; sourceTree = "<group>"; };
		368EEACF2397A74700B4DB27 /* LXHomeViewController.m */ = {isa = PBXFileReference; lastKnownFileType = sourcecode.c.objc; path = LXHomeViewController.m; sourceTree = "<group>"; };
		368EEAD12397A7DB00B4DB27 /* LXTitleButton.h */ = {isa = PBXFileReference; lastKnownFileType = sourcecode.c.h; path = LXTitleButton.h; sourceTree = "<group>"; };
		368EEAD22397A7DB00B4DB27 /* LXTitleButton.m */ = {isa = PBXFileReference; lastKnownFileType = sourcecode.c.objc; path = LXTitleButton.m; sourceTree = "<group>"; };
		368EEAD42397A8F700B4DB27 /* UIBarButtonItem+Item.h */ = {isa = PBXFileReference; lastKnownFileType = sourcecode.c.h; path = "UIBarButtonItem+Item.h"; sourceTree = "<group>"; };
		368EEAD52397A8F700B4DB27 /* UIBarButtonItem+Item.m */ = {isa = PBXFileReference; lastKnownFileType = sourcecode.c.objc; path = "UIBarButtonItem+Item.m"; sourceTree = "<group>"; };
		368EEAD72397B29F00B4DB27 /* LXCover.h */ = {isa = PBXFileReference; lastKnownFileType = sourcecode.c.h; path = LXCover.h; sourceTree = "<group>"; };
		368EEAD82397B29F00B4DB27 /* LXCover.m */ = {isa = PBXFileReference; lastKnownFileType = sourcecode.c.objc; path = LXCover.m; sourceTree = "<group>"; };
		368EEADA2397B3D700B4DB27 /* PrefixHeader.pch */ = {isa = PBXFileReference; lastKnownFileType = sourcecode.c.h; path = PrefixHeader.pch; sourceTree = "<group>"; };
		368EEADB2397B84800B4DB27 /* LXPopMenu.h */ = {isa = PBXFileReference; lastKnownFileType = sourcecode.c.h; path = LXPopMenu.h; sourceTree = "<group>"; };
		368EEADC2397B84800B4DB27 /* LXPopMenu.m */ = {isa = PBXFileReference; lastKnownFileType = sourcecode.c.objc; path = LXPopMenu.m; sourceTree = "<group>"; };
		368EEADE2397BB1600B4DB27 /* LXOneViewController.h */ = {isa = PBXFileReference; lastKnownFileType = sourcecode.c.h; path = LXOneViewController.h; sourceTree = "<group>"; };
		368EEADF2397BB1600B4DB27 /* LXOneViewController.m */ = {isa = PBXFileReference; lastKnownFileType = sourcecode.c.objc; path = LXOneViewController.m; sourceTree = "<group>"; };
		368EEAE723990BB600B4DB27 /* LXNewFeatureController.h */ = {isa = PBXFileReference; lastKnownFileType = sourcecode.c.h; path = LXNewFeatureController.h; sourceTree = "<group>"; };
		368EEAE823990BB600B4DB27 /* LXNewFeatureController.m */ = {isa = PBXFileReference; lastKnownFileType = sourcecode.c.objc; path = LXNewFeatureController.m; sourceTree = "<group>"; };
		368EEAEB23990EDD00B4DB27 /* LXNewFeatureCell.h */ = {isa = PBXFileReference; lastKnownFileType = sourcecode.c.h; path = LXNewFeatureCell.h; sourceTree = "<group>"; };
		368EEAEC23990EDD00B4DB27 /* LXNewFeatureCell.m */ = {isa = PBXFileReference; lastKnownFileType = sourcecode.c.objc; path = LXNewFeatureCell.m; sourceTree = "<group>"; };
		36918BFD23978E58002A9994 /* AppDelegate.h */ = {isa = PBXFileReference; fileEncoding = 4; lastKnownFileType = sourcecode.c.h; path = AppDelegate.h; sourceTree = "<group>"; };
		36918BFF23978E58002A9994 /* UIImage+Image.m */ = {isa = PBXFileReference; fileEncoding = 4; lastKnownFileType = sourcecode.c.objc; path = "UIImage+Image.m"; sourceTree = "<group>"; };
		36918C0023978E58002A9994 /* UIImage+Image.h */ = {isa = PBXFileReference; fileEncoding = 4; lastKnownFileType = sourcecode.c.h; path = "UIImage+Image.h"; sourceTree = "<group>"; };
		36918C0123978E58002A9994 /* main.m */ = {isa = PBXFileReference; fileEncoding = 4; lastKnownFileType = sourcecode.c.objc; path = main.m; sourceTree = "<group>"; };
		36918C0223978E58002A9994 /* AppDelegate.m */ = {isa = PBXFileReference; fileEncoding = 4; lastKnownFileType = sourcecode.c.objc; path = AppDelegate.m; sourceTree = "<group>"; };
		36918C0D23978E58002A9994 /* LXTabBarController.h */ = {isa = PBXFileReference; fileEncoding = 4; lastKnownFileType = sourcecode.c.h; path = LXTabBarController.h; sourceTree = "<group>"; };
		36918C0E23978E58002A9994 /* LXTabBarController.m */ = {isa = PBXFileReference; fileEncoding = 4; lastKnownFileType = sourcecode.c.objc; path = LXTabBarController.m; sourceTree = "<group>"; };
		36918C1123978E58002A9994 /* LXTabBar.h */ = {isa = PBXFileReference; fileEncoding = 4; lastKnownFileType = sourcecode.c.h; path = LXTabBar.h; sourceTree = "<group>"; };
		36918C1223978E58002A9994 /* LXTabBar.m */ = {isa = PBXFileReference; fileEncoding = 4; lastKnownFileType = sourcecode.c.objc; path = LXTabBar.m; sourceTree = "<group>"; };
		36A92C2E239E7DD9001017A3 /* LXStatusCell.h */ = {isa = PBXFileReference; lastKnownFileType = sourcecode.c.h; path = LXStatusCell.h; sourceTree = "<group>"; };
		36A92C2F239E7DD9001017A3 /* LXStatusCell.m */ = {isa = PBXFileReference; lastKnownFileType = sourcecode.c.objc; path = LXStatusCell.m; sourceTree = "<group>"; };
		36A92C31239E7EFA001017A3 /* LXOriginalView.h */ = {isa = PBXFileReference; lastKnownFileType = sourcecode.c.h; path = LXOriginalView.h; sourceTree = "<group>"; };
		36A92C32239E7EFA001017A3 /* LXOriginalView.m */ = {isa = PBXFileReference; lastKnownFileType = sourcecode.c.objc; path = LXOriginalView.m; sourceTree = "<group>"; };
		36A92C34239E7F18001017A3 /* LXRetweetView.h */ = {isa = PBXFileReference; lastKnownFileType = sourcecode.c.h; path = LXRetweetView.h; sourceTree = "<group>"; };
		36A92C35239E7F18001017A3 /* LXRetweetView.m */ = {isa = PBXFileReference; lastKnownFileType = sourcecode.c.objc; path = LXRetweetView.m; sourceTree = "<group>"; };
		36A92C37239E7F2D001017A3 /* LXStatusToolBar.h */ = {isa = PBXFileReference; lastKnownFileType = sourcecode.c.h; path = LXStatusToolBar.h; sourceTree = "<group>"; };
		36A92C38239E7F2D001017A3 /* LXStatusToolBar.m */ = {isa = PBXFileReference; lastKnownFileType = sourcecode.c.objc; path = LXStatusToolBar.m; sourceTree = "<group>"; };
		36DDBC5623A08D6000325B48 /* LXPhoto.h */ = {isa = PBXFileReference; lastKnownFileType = sourcecode.c.h; name = LXPhoto.h; path = WeiboDemo/Classes/Home/View/LXPhoto.h; sourceTree = SOURCE_ROOT; };
		36DDBC5723A08D6000325B48 /* LXPhoto.m */ = {isa = PBXFileReference; lastKnownFileType = sourcecode.c.objc; name = LXPhoto.m; path = WeiboDemo/Classes/Home/View/LXPhoto.m; sourceTree = SOURCE_ROOT; };
		36DDBC5A23A0C3CA00325B48 /* MJPhotoLoadingView.m */ = {isa = PBXFileReference; fileEncoding = 4; lastKnownFileType = sourcecode.c.objc; path = MJPhotoLoadingView.m; sourceTree = "<group>"; };
		36DDBC5B23A0C3CA00325B48 /* MJPhotoToolbar.h */ = {isa = PBXFileReference; fileEncoding = 4; lastKnownFileType = sourcecode.c.h; path = MJPhotoToolbar.h; sourceTree = "<group>"; };
		36DDBC5C23A0C3CA00325B48 /* MJPhotoView.m */ = {isa = PBXFileReference; fileEncoding = 4; lastKnownFileType = sourcecode.c.objc; path = MJPhotoView.m; sourceTree = "<group>"; };
		36DDBC5D23A0C3CA00325B48 /* MJPhotoProgressView.h */ = {isa = PBXFileReference; fileEncoding = 4; lastKnownFileType = sourcecode.c.h; path = MJPhotoProgressView.h; sourceTree = "<group>"; };
		36DDBC5E23A0C3CA00325B48 /* MJPhotoBrowser.bundle */ = {isa = PBXFileReference; lastKnownFileType = "wrapper.plug-in"; path = MJPhotoBrowser.bundle; sourceTree = "<group>"; };
		36DDBC5F23A0C3CA00325B48 /* MJPhoto.m */ = {isa = PBXFileReference; fileEncoding = 4; lastKnownFileType = sourcecode.c.objc; path = MJPhoto.m; sourceTree = "<group>"; };
		36DDBC6023A0C3CA00325B48 /* MJPhotoBrowser.h */ = {isa = PBXFileReference; fileEncoding = 4; lastKnownFileType = sourcecode.c.h; path = MJPhotoBrowser.h; sourceTree = "<group>"; };
		36DDBC6123A0C3CA00325B48 /* SDWebImageManager+MJ.h */ = {isa = PBXFileReference; fileEncoding = 4; lastKnownFileType = sourcecode.c.h; path = "SDWebImageManager+MJ.h"; sourceTree = "<group>"; };
		36DDBC6223A0C3CA00325B48 /* MJPhotoLoadingView.h */ = {isa = PBXFileReference; fileEncoding = 4; lastKnownFileType = sourcecode.c.h; path = MJPhotoLoadingView.h; sourceTree = "<group>"; };
		36DDBC6323A0C3CA00325B48 /* MJPhotoView.h */ = {isa = PBXFileReference; fileEncoding = 4; lastKnownFileType = sourcecode.c.h; path = MJPhotoView.h; sourceTree = "<group>"; };
		36DDBC6423A0C3CA00325B48 /* MJPhotoToolbar.m */ = {isa = PBXFileReference; fileEncoding = 4; lastKnownFileType = sourcecode.c.objc; path = MJPhotoToolbar.m; sourceTree = "<group>"; };
		36DDBC6523A0C3CA00325B48 /* MJPhoto.h */ = {isa = PBXFileReference; fileEncoding = 4; lastKnownFileType = sourcecode.c.h; path = MJPhoto.h; sourceTree = "<group>"; };
		36DDBC6623A0C3CA00325B48 /* MJPhotoProgressView.m */ = {isa = PBXFileReference; fileEncoding = 4; lastKnownFileType = sourcecode.c.objc; path = MJPhotoProgressView.m; sourceTree = "<group>"; };
		36DDBC6723A0C3CA00325B48 /* SDWebImageManager+MJ.m */ = {isa = PBXFileReference; fileEncoding = 4; lastKnownFileType = sourcecode.c.objc; path = "SDWebImageManager+MJ.m"; sourceTree = "<group>"; };
		36DDBC6823A0C3CA00325B48 /* MJPhotoBrowser.m */ = {isa = PBXFileReference; fileEncoding = 4; lastKnownFileType = sourcecode.c.objc; path = MJPhotoBrowser.m; sourceTree = "<group>"; };
		36DDBC7123A0D23700325B48 /* LXPhotoImageView.h */ = {isa = PBXFileReference; lastKnownFileType = sourcecode.c.h; path = LXPhotoImageView.h; sourceTree = "<group>"; };
		36DDBC7223A0D23700325B48 /* LXPhotoImageView.m */ = {isa = PBXFileReference; lastKnownFileType = sourcecode.c.objc; path = LXPhotoImageView.m; sourceTree = "<group>"; };
		36DDBC7623A0D97000325B48 /* LXComposeViewController.h */ = {isa = PBXFileReference; lastKnownFileType = sourcecode.c.h; path = LXComposeViewController.h; sourceTree = "<group>"; };
		36DDBC7723A0D97000325B48 /* LXComposeViewController.m */ = {isa = PBXFileReference; lastKnownFileType = sourcecode.c.objc; path = LXComposeViewController.m; sourceTree = "<group>"; };
		36DDBC7A23A0E5C700325B48 /* LXTextView.h */ = {isa = PBXFileReference; lastKnownFileType = sourcecode.c.h; path = LXTextView.h; sourceTree = "<group>"; };
		36DDBC7B23A0E5C700325B48 /* LXTextView.m */ = {isa = PBXFileReference; lastKnownFileType = sourcecode.c.objc; path = LXTextView.m; sourceTree = "<group>"; };
		36DDBC7D23A0EBC900325B48 /* LXComposeToolBar.h */ = {isa = PBXFileReference; lastKnownFileType = sourcecode.c.h; path = LXComposeToolBar.h; sourceTree = "<group>"; };
		36DDBC7E23A0EBC900325B48 /* LXComposeToolBar.m */ = {isa = PBXFileReference; lastKnownFileType = sourcecode.c.objc; path = LXComposeToolBar.m; sourceTree = "<group>"; };
		36EC1380239B452D00BD25C9 /* LXOAuthViewController.h */ = {isa = PBXFileReference; lastKnownFileType = sourcecode.c.h; path = LXOAuthViewController.h; sourceTree = "<group>"; };
		36EC1381239B452D00BD25C9 /* LXOAuthViewController.m */ = {isa = PBXFileReference; lastKnownFileType = sourcecode.c.objc; path = LXOAuthViewController.m; sourceTree = "<group>"; };
		36EC1383239B4ECE00BD25C9 /* podfile */ = {isa = PBXFileReference; lastKnownFileType = text; path = podfile; sourceTree = "<group>"; };
		36EC1385239B7C1100BD25C9 /* MBProgressHUD+Ext.h */ = {isa = PBXFileReference; lastKnownFileType = sourcecode.c.h; path = "MBProgressHUD+Ext.h"; sourceTree = "<group>"; };
		36EC1386239B7C1100BD25C9 /* MBProgressHUD+Ext.m */ = {isa = PBXFileReference; lastKnownFileType = sourcecode.c.objc; path = "MBProgressHUD+Ext.m"; sourceTree = "<group>"; };
		36EC1389239B85D000BD25C9 /* LXAccount.h */ = {isa = PBXFileReference; lastKnownFileType = sourcecode.c.h; path = LXAccount.h; sourceTree = "<group>"; };
		36EC138A239B85D000BD25C9 /* LXAccount.m */ = {isa = PBXFileReference; lastKnownFileType = sourcecode.c.objc; path = LXAccount.m; sourceTree = "<group>"; };
		36EC139E239B9A7E00BD25C9 /* AccountUtil.h */ = {isa = PBXFileReference; lastKnownFileType = sourcecode.c.h; path = AccountUtil.h; sourceTree = "<group>"; };
		36EC139F239B9A7E00BD25C9 /* AccountUtil.m */ = {isa = PBXFileReference; lastKnownFileType = sourcecode.c.objc; path = AccountUtil.m; sourceTree = "<group>"; };
		36EC13A1239B9AA200BD25C9 /* GlobalUtil.h */ = {isa = PBXFileReference; lastKnownFileType = sourcecode.c.h; path = GlobalUtil.h; sourceTree = "<group>"; };
		36EC13A2239B9AA200BD25C9 /* GlobalUtil.m */ = {isa = PBXFileReference; lastKnownFileType = sourcecode.c.objc; path = GlobalUtil.m; sourceTree = "<group>"; };
		A45221CF43AAEC098B63835A /* Pods-WeiboDemo.release.xcconfig */ = {isa = PBXFileReference; includeInIndex = 1; lastKnownFileType = text.xcconfig; name = "Pods-WeiboDemo.release.xcconfig"; path = "Target Support Files/Pods-WeiboDemo/Pods-WeiboDemo.release.xcconfig"; sourceTree = "<group>"; };
/* End PBXFileReference section */

/* Begin PBXFrameworksBuildPhase section */
		361AA2DE235F05600065CC8B /* Frameworks */ = {
			isa = PBXFrameworksBuildPhase;
			buildActionMask = 2147483647;
			files = (
				57F3F98E8300FD385D7A20F1 /* libPods-WeiboDemo.a in Frameworks */,
			);
			runOnlyForDeploymentPostprocessing = 0;
		};
/* End PBXFrameworksBuildPhase section */

/* Begin PBXGroup section */
		361AA2D8235F05600065CC8B = {
			isa = PBXGroup;
			children = (
				36EC1383239B4ECE00BD25C9 /* podfile */,
				361AA2E2235F05600065CC8B /* Products */,
				361AA2E3235F05600065CC8B /* WeiboDemo */,
				DBD525BCA9EEE4956607FC39 /* Pods */,
				ACDAD8A3FE9DBBF37416FE22 /* Frameworks */,
			);
			sourceTree = "<group>";
		};
		361AA2E2235F05600065CC8B /* Products */ = {
			isa = PBXGroup;
			children = (
				361AA2E1235F05600065CC8B /* WeiboDemo.app */,
			);
			name = Products;
			sourceTree = "<group>";
		};
		361AA2E3235F05600065CC8B /* WeiboDemo */ = {
			isa = PBXGroup;
			children = (
				366C1A96239E431F00B59001 /* Mp3 */,
				361AA2F0235F05670065CC8B /* Assets.xcassets */,
				36918BF323978E58002A9994 /* Classes */,
				361AA2F5235F05670065CC8B /* Info.plist */,
				361AA2F2235F05670065CC8B /* LaunchScreen.storyboard */,
			);
			path = WeiboDemo;
			sourceTree = "<group>";
		};
		365BD2122399395800A9EE27 /* CustomTabBar */ = {
			isa = PBXGroup;
			children = (
				365BD213239939B100A9EE27 /* CustomTabBarController.h */,
				365BD214239939B100A9EE27 /* CustomTabBarController.m */,
				365BD21623993A0F00A9EE27 /* CustomTabBar.h */,
				365BD21723993A0F00A9EE27 /* CustomTabBar.m */,
				365BD21923993C0A00A9EE27 /* CustomTabBarButton.h */,
				365BD21A23993C0A00A9EE27 /* CustomTabBarButton.m */,
				365BD21C23993E7700A9EE27 /* CustomBadge.h */,
				365BD21D23993E7700A9EE27 /* CustomBadge.m */,
			);
			path = CustomTabBar;
			sourceTree = "<group>";
		};
		366C1A8A239E2B3200B59001 /* ParamModel */ = {
			isa = PBXGroup;
			children = (
				366C1A8D239E2B7700B59001 /* LXStatusParam.h */,
				366C1A8E239E2B7700B59001 /* LXStatusParam.m */,
				366C1A93239E345B00B59001 /* LXAccountParam.h */,
				366C1A94239E345B00B59001 /* LXAccountParam.m */,
				366C1A9E239E4A7600B59001 /* LXUserParam.h */,
				366C1A9F239E4A7600B59001 /* LXUserParam.m */,
			);
			path = ParamModel;
			sourceTree = "<group>";
		};
		366C1A8C239E2B5300B59001 /* ResultModel */ = {
			isa = PBXGroup;
			children = (
				366C1A90239E2CBE00B59001 /* LXStatusResult.h */,
				366C1A91239E2CBE00B59001 /* LXStatusResult.m */,
			);
			path = ResultModel;
			sourceTree = "<group>";
		};
		366C1A96239E431F00B59001 /* Mp3 */ = {
			isa = PBXGroup;
			children = (
				366C1A97239E431F00B59001 /* silence.mp3 */,
				366C1A98239E431F00B59001 /* test.mp3 */,
			);
			path = Mp3;
			sourceTree = "<group>";
		};
		368EEAE123990AF900B4DB27 /* NewFeature */ = {
			isa = PBXGroup;
			children = (
				368EEAEA23990EC400B4DB27 /* View */,
				368EEAE623990BA000B4DB27 /* Controller */,
			);
			path = NewFeature;
			sourceTree = "<group>";
		};
		368EEAE623990BA000B4DB27 /* Controller */ = {
			isa = PBXGroup;
			children = (
				368EEAE723990BB600B4DB27 /* LXNewFeatureController.h */,
				368EEAE823990BB600B4DB27 /* LXNewFeatureController.m */,
			);
			path = Controller;
			sourceTree = "<group>";
		};
		368EEAEA23990EC400B4DB27 /* View */ = {
			isa = PBXGroup;
			children = (
				368EEAEB23990EDD00B4DB27 /* LXNewFeatureCell.h */,
				368EEAEC23990EDD00B4DB27 /* LXNewFeatureCell.m */,
			);
			path = View;
			sourceTree = "<group>";
		};
		36918BF323978E58002A9994 /* Classes */ = {
			isa = PBXGroup;
			children = (
				36DDBC7423A0D93E00325B48 /* Compose */,
				36EC137A239B444700BD25C9 /* OAuth */,
				368EEAE123990AF900B4DB27 /* NewFeature */,
				36918BF423978E58002A9994 /* Home */,
				36918BF823978E58002A9994 /* Discover */,
				36918BFC23978E58002A9994 /* Other */,
				36918C0323978E58002A9994 /* Message */,
				36918C0723978E58002A9994 /* Mine */,
				36918C0B23978E58002A9994 /* Main */,
			);
			path = Classes;
			sourceTree = "<group>";
		};
		36918BF423978E58002A9994 /* Home */ = {
			isa = PBXGroup;
			children = (
				36918BF523978E58002A9994 /* Controller */,
				36918BF623978E58002A9994 /* Model */,
				36918BF723978E58002A9994 /* View */,
			);
			path = Home;
			sourceTree = "<group>";
		};
		36918BF523978E58002A9994 /* Controller */ = {
			isa = PBXGroup;
			children = (
				368EEACE2397A74700B4DB27 /* LXHomeViewController.h */,
				368EEACF2397A74700B4DB27 /* LXHomeViewController.m */,
				368EEADE2397BB1600B4DB27 /* LXOneViewController.h */,
				368EEADF2397BB1600B4DB27 /* LXOneViewController.m */,
			);
			path = Controller;
			sourceTree = "<group>";
		};
		36918BF623978E58002A9994 /* Model */ = {
			isa = PBXGroup;
			children = (
				3649B52A239BA9C800A613B5 /* LXStatus.h */,
				3649B52B239BA9C800A613B5 /* LXStatus.m */,
				3649B52D239BAA7F00A613B5 /* LXUser.h */,
				3649B52E239BAA7F00A613B5 /* LXUser.m */,
				367D2AA2239F33AC009AF4A5 /* LXStatusFrame.h */,
				367D2AA3239F33AC009AF4A5 /* LXStatusFrame.m */,
				36DDBC5623A08D6000325B48 /* LXPhoto.h */,
				36DDBC5723A08D6000325B48 /* LXPhoto.m */,
			);
			path = Model;
			sourceTree = "<group>";
		};
		36918BF723978E58002A9994 /* View */ = {
			isa = PBXGroup;
			children = (
				368EEAD12397A7DB00B4DB27 /* LXTitleButton.h */,
				368EEAD22397A7DB00B4DB27 /* LXTitleButton.m */,
				368EEAD72397B29F00B4DB27 /* LXCover.h */,
				368EEAD82397B29F00B4DB27 /* LXCover.m */,
				368EEADB2397B84800B4DB27 /* LXPopMenu.h */,
				368EEADC2397B84800B4DB27 /* LXPopMenu.m */,
				36A92C2E239E7DD9001017A3 /* LXStatusCell.h */,
				36A92C2F239E7DD9001017A3 /* LXStatusCell.m */,
				36A92C31239E7EFA001017A3 /* LXOriginalView.h */,
				36A92C32239E7EFA001017A3 /* LXOriginalView.m */,
				36A92C34239E7F18001017A3 /* LXRetweetView.h */,
				36A92C35239E7F18001017A3 /* LXRetweetView.m */,
				36A92C37239E7F2D001017A3 /* LXStatusToolBar.h */,
				36A92C38239E7F2D001017A3 /* LXStatusToolBar.m */,
				367D2AA823A0821A009AF4A5 /* LXPhotosView.h */,
				367D2AA923A0821A009AF4A5 /* LXPhotosView.m */,
				36DDBC7123A0D23700325B48 /* LXPhotoImageView.h */,
				36DDBC7223A0D23700325B48 /* LXPhotoImageView.m */,
			);
			path = View;
			sourceTree = "<group>";
		};
		36918BF823978E58002A9994 /* Discover */ = {
			isa = PBXGroup;
			children = (
				36918BF923978E58002A9994 /* Controller */,
				36918BFA23978E58002A9994 /* Model */,
				36918BFB23978E58002A9994 /* View */,
			);
			path = Discover;
			sourceTree = "<group>";
		};
		36918BF923978E58002A9994 /* Controller */ = {
			isa = PBXGroup;
			children = (
				368EEAC82397A22E00B4DB27 /* LXDiscoverViewController.h */,
				368EEAC92397A22E00B4DB27 /* LXDiscoverViewController.m */,
			);
			path = Controller;
			sourceTree = "<group>";
		};
		36918BFA23978E58002A9994 /* Model */ = {
			isa = PBXGroup;
			children = (
			);
			path = Model;
			sourceTree = "<group>";
		};
		36918BFB23978E58002A9994 /* View */ = {
			isa = PBXGroup;
			children = (
				368EEABF23979B2700B4DB27 /* LXSearchBar.h */,
				368EEAC023979B2700B4DB27 /* LXSearchBar.m */,
			);
			path = View;
			sourceTree = "<group>";
		};
		36918BFC23978E58002A9994 /* Other */ = {
			isa = PBXGroup;
			children = (
				36DDBC5923A0C3CA00325B48 /* MJPhotoBrowser */,
				36EC139D239B9A6700BD25C9 /* Utils */,
				36918BFE23978E58002A9994 /* Category */,
				36918BFD23978E58002A9994 /* AppDelegate.h */,
				36918C0223978E58002A9994 /* AppDelegate.m */,
				36918C0123978E58002A9994 /* main.m */,
				368EEADA2397B3D700B4DB27 /* PrefixHeader.pch */,
			);
			path = Other;
			sourceTree = "<group>";
		};
		36918BFE23978E58002A9994 /* Category */ = {
			isa = PBXGroup;
			children = (
				367D2AA6239F7616009AF4A5 /* NSDate+MJ.h */,
				367D2AA5239F7616009AF4A5 /* NSDate+MJ.m */,
				368EEAD42397A8F700B4DB27 /* UIBarButtonItem+Item.h */,
				368EEAD52397A8F700B4DB27 /* UIBarButtonItem+Item.m */,
				36918C0023978E58002A9994 /* UIImage+Image.h */,
				36918BFF23978E58002A9994 /* UIImage+Image.m */,
				368EEAC52397A0AA00B4DB27 /* UIView+Frame.h */,
				368EEAC62397A0AA00B4DB27 /* UIView+Frame.m */,
				36EC1385239B7C1100BD25C9 /* MBProgressHUD+Ext.h */,
				36EC1386239B7C1100BD25C9 /* MBProgressHUD+Ext.m */,
			);
			path = Category;
			sourceTree = "<group>";
		};
		36918C0323978E58002A9994 /* Message */ = {
			isa = PBXGroup;
			children = (
				36918C0423978E58002A9994 /* Controller */,
				36918C0523978E58002A9994 /* Model */,
				36918C0623978E58002A9994 /* View */,
			);
			path = Message;
			sourceTree = "<group>";
		};
		36918C0423978E58002A9994 /* Controller */ = {
			isa = PBXGroup;
			children = (
				365BD20B2397F0CF00A9EE27 /* LXMessageViewController.h */,
				365BD20C2397F0CF00A9EE27 /* LXMessageViewController.m */,
			);
			path = Controller;
			sourceTree = "<group>";
		};
		36918C0523978E58002A9994 /* Model */ = {
			isa = PBXGroup;
			children = (
			);
			path = Model;
			sourceTree = "<group>";
		};
		36918C0623978E58002A9994 /* View */ = {
			isa = PBXGroup;
			children = (
			);
			path = View;
			sourceTree = "<group>";
		};
		36918C0723978E58002A9994 /* Mine */ = {
			isa = PBXGroup;
			children = (
				36918C0823978E58002A9994 /* Controller */,
				36918C0923978E58002A9994 /* Model */,
				36918C0A23978E58002A9994 /* View */,
			);
			path = Mine;
			sourceTree = "<group>";
		};
		36918C0823978E58002A9994 /* Controller */ = {
			isa = PBXGroup;
			children = (
				365BD20E2397F2CE00A9EE27 /* LXMineViewController.h */,
				365BD20F2397F2CE00A9EE27 /* LXMineViewController.m */,
			);
			path = Controller;
			sourceTree = "<group>";
		};
		36918C0923978E58002A9994 /* Model */ = {
			isa = PBXGroup;
			children = (
			);
			path = Model;
			sourceTree = "<group>";
		};
		36918C0A23978E58002A9994 /* View */ = {
			isa = PBXGroup;
			children = (
			);
			path = View;
			sourceTree = "<group>";
		};
		36918C0B23978E58002A9994 /* Main */ = {
			isa = PBXGroup;
			children = (
				365BD2122399395800A9EE27 /* CustomTabBar */,
				36918C0C23978E58002A9994 /* Controller */,
				36918C0F23978E58002A9994 /* Model */,
				36918C1023978E58002A9994 /* View */,
			);
			path = Main;
			sourceTree = "<group>";
		};
		36918C0C23978E58002A9994 /* Controller */ = {
			isa = PBXGroup;
			children = (
				36918C0D23978E58002A9994 /* LXTabBarController.h */,
				36918C0E23978E58002A9994 /* LXTabBarController.m */,
				368EEACB2397A45A00B4DB27 /* LXNavigationController.h */,
				368EEACC2397A45A00B4DB27 /* LXNavigationController.m */,
			);
			path = Controller;
			sourceTree = "<group>";
		};
		36918C0F23978E58002A9994 /* Model */ = {
			isa = PBXGroup;
			children = (
			);
			path = Model;
			sourceTree = "<group>";
		};
		36918C1023978E58002A9994 /* View */ = {
			isa = PBXGroup;
			children = (
				36918C1123978E58002A9994 /* LXTabBar.h */,
				36918C1223978E58002A9994 /* LXTabBar.m */,
			);
			path = View;
			sourceTree = "<group>";
		};
		36DDBC5923A0C3CA00325B48 /* MJPhotoBrowser */ = {
			isa = PBXGroup;
			children = (
				36DDBC6523A0C3CA00325B48 /* MJPhoto.h */,
				36DDBC5F23A0C3CA00325B48 /* MJPhoto.m */,
				36DDBC5E23A0C3CA00325B48 /* MJPhotoBrowser.bundle */,
				36DDBC6023A0C3CA00325B48 /* MJPhotoBrowser.h */,
				36DDBC6823A0C3CA00325B48 /* MJPhotoBrowser.m */,
				36DDBC6223A0C3CA00325B48 /* MJPhotoLoadingView.h */,
				36DDBC5A23A0C3CA00325B48 /* MJPhotoLoadingView.m */,
				36DDBC5D23A0C3CA00325B48 /* MJPhotoProgressView.h */,
				36DDBC6623A0C3CA00325B48 /* MJPhotoProgressView.m */,
				36DDBC5B23A0C3CA00325B48 /* MJPhotoToolbar.h */,
				36DDBC6423A0C3CA00325B48 /* MJPhotoToolbar.m */,
				36DDBC6323A0C3CA00325B48 /* MJPhotoView.h */,
				36DDBC5C23A0C3CA00325B48 /* MJPhotoView.m */,
				36DDBC6123A0C3CA00325B48 /* SDWebImageManager+MJ.h */,
				36DDBC6723A0C3CA00325B48 /* SDWebImageManager+MJ.m */,
			);
			path = MJPhotoBrowser;
			sourceTree = "<group>";
		};
		36DDBC7423A0D93E00325B48 /* Compose */ = {
			isa = PBXGroup;
			children = (
				36DDBC7923A0E5A300325B48 /* View */,
				36DDBC7523A0D95000325B48 /* Controller */,
			);
			path = Compose;
			sourceTree = "<group>";
		};
		36DDBC7523A0D95000325B48 /* Controller */ = {
			isa = PBXGroup;
			children = (
				36DDBC7623A0D97000325B48 /* LXComposeViewController.h */,
				36DDBC7723A0D97000325B48 /* LXComposeViewController.m */,
			);
			path = Controller;
			sourceTree = "<group>";
		};
		36DDBC7923A0E5A300325B48 /* View */ = {
			isa = PBXGroup;
			children = (
				36DDBC7A23A0E5C700325B48 /* LXTextView.h */,
				36DDBC7B23A0E5C700325B48 /* LXTextView.m */,
				36DDBC7D23A0EBC900325B48 /* LXComposeToolBar.h */,
				36DDBC7E23A0EBC900325B48 /* LXComposeToolBar.m */,
				3686910F23A1D35B00FAA901 /* LXComposePhotosView.h */,
				3686911023A1D35B00FAA901 /* LXComposePhotosView.m */,
			);
			path = View;
			sourceTree = "<group>";
		};
		36EC137A239B444700BD25C9 /* OAuth */ = {
			isa = PBXGroup;
			children = (
				36EC1388239B85AC00BD25C9 /* Model */,
				36EC137F239B451600BD25C9 /* Controller */,
			);
			path = OAuth;
			sourceTree = "<group>";
		};
		36EC137F239B451600BD25C9 /* Controller */ = {
			isa = PBXGroup;
			children = (
				36EC1380239B452D00BD25C9 /* LXOAuthViewController.h */,
				36EC1381239B452D00BD25C9 /* LXOAuthViewController.m */,
			);
			path = Controller;
			sourceTree = "<group>";
		};
		36EC1388239B85AC00BD25C9 /* Model */ = {
			isa = PBXGroup;
			children = (
				36EC1389239B85D000BD25C9 /* LXAccount.h */,
				36EC138A239B85D000BD25C9 /* LXAccount.m */,
			);
			path = Model;
			sourceTree = "<group>";
		};
		36EC139D239B9A6700BD25C9 /* Utils */ = {
			isa = PBXGroup;
			children = (
				366C1A8C239E2B5300B59001 /* ResultModel */,
				366C1A8A239E2B3200B59001 /* ParamModel */,
				36EC139E239B9A7E00BD25C9 /* AccountUtil.h */,
				36EC139F239B9A7E00BD25C9 /* AccountUtil.m */,
				36EC13A1239B9AA200BD25C9 /* GlobalUtil.h */,
				36EC13A2239B9AA200BD25C9 /* GlobalUtil.m */,
				366C1A83239DF28100B59001 /* NetworkUtil.h */,
				366C1A84239DF28100B59001 /* NetworkUtil.m */,
				366C1A87239E27C500B59001 /* LXStatusTool.h */,
				366C1A88239E27C500B59001 /* LXStatusTool.m */,
				366C1A9B239E49B200B59001 /* LXUserTool.h */,
				366C1A9C239E49B200B59001 /* LXUserTool.m */,
			);
			path = Utils;
			sourceTree = "<group>";
		};
		ACDAD8A3FE9DBBF37416FE22 /* Frameworks */ = {
			isa = PBXGroup;
			children = (
				363DA417DE7F9891DF256CD7 /* libPods-WeiboDemo.a */,
			);
			name = Frameworks;
			sourceTree = "<group>";
		};
		DBD525BCA9EEE4956607FC39 /* Pods */ = {
			isa = PBXGroup;
			children = (
				22ED49F6B87EE6967A4370C2 /* Pods-WeiboDemo.debug.xcconfig */,
				A45221CF43AAEC098B63835A /* Pods-WeiboDemo.release.xcconfig */,
			);
			path = Pods;
			sourceTree = "<group>";
		};
/* End PBXGroup section */

/* Begin PBXNativeTarget section */
		361AA2E0235F05600065CC8B /* WeiboDemo */ = {
			isa = PBXNativeTarget;
			buildConfigurationList = 361AA2FA235F05670065CC8B /* Build configuration list for PBXNativeTarget "WeiboDemo" */;
			buildPhases = (
				B08DF6774AE38CAD1B8C9499 /* [CP] Check Pods Manifest.lock */,
				361AA2DD235F05600065CC8B /* Sources */,
				361AA2DE235F05600065CC8B /* Frameworks */,
				361AA2DF235F05600065CC8B /* Resources */,
				FC4AAC51B9AED6B0DA4E320C /* [CP] Copy Pods Resources */,
			);
			buildRules = (
			);
			dependencies = (
			);
			name = WeiboDemo;
			productName = WeiboDemo;
			productReference = 361AA2E1235F05600065CC8B /* WeiboDemo.app */;
			productType = "com.apple.product-type.application";
		};
/* End PBXNativeTarget section */

/* Begin PBXProject section */
		361AA2D9235F05600065CC8B /* Project object */ = {
			isa = PBXProject;
			attributes = {
				CLASSPREFIX = LX;
				LastUpgradeCheck = 1110;
				ORGANIZATIONNAME = Werner;
				TargetAttributes = {
					361AA2E0235F05600065CC8B = {
						CreatedOnToolsVersion = 11.1;
					};
				};
			};
			buildConfigurationList = 361AA2DC235F05600065CC8B /* Build configuration list for PBXProject "WeiboDemo" */;
			compatibilityVersion = "Xcode 9.3";
			developmentRegion = en;
			hasScannedForEncodings = 0;
			knownRegions = (
				en,
				Base,
			);
			mainGroup = 361AA2D8235F05600065CC8B;
			productRefGroup = 361AA2E2235F05600065CC8B /* Products */;
			projectDirPath = "";
			projectRoot = "";
			targets = (
				361AA2E0235F05600065CC8B /* WeiboDemo */,
			);
		};
/* End PBXProject section */

/* Begin PBXResourcesBuildPhase section */
		361AA2DF235F05600065CC8B /* Resources */ = {
			isa = PBXResourcesBuildPhase;
			buildActionMask = 2147483647;
			files = (
				36DDBC6B23A0C3CA00325B48 /* MJPhotoBrowser.bundle in Resources */,
				366C1A99239E431F00B59001 /* silence.mp3 in Resources */,
				361AA2F4235F05670065CC8B /* LaunchScreen.storyboard in Resources */,
				361AA2F1235F05670065CC8B /* Assets.xcassets in Resources */,
				366C1A9A239E431F00B59001 /* test.mp3 in Resources */,
				36EC1384239B4ECE00BD25C9 /* podfile in Resources */,
			);
			runOnlyForDeploymentPostprocessing = 0;
		};
/* End PBXResourcesBuildPhase section */

/* Begin PBXShellScriptBuildPhase section */
		B08DF6774AE38CAD1B8C9499 /* [CP] Check Pods Manifest.lock */ = {
			isa = PBXShellScriptBuildPhase;
			buildActionMask = 2147483647;
			files = (
			);
			inputFileListPaths = (
			);
			inputPaths = (
				"${PODS_PODFILE_DIR_PATH}/Podfile.lock",
				"${PODS_ROOT}/Manifest.lock",
			);
			name = "[CP] Check Pods Manifest.lock";
			outputFileListPaths = (
			);
			outputPaths = (
				"$(DERIVED_FILE_DIR)/Pods-WeiboDemo-checkManifestLockResult.txt",
			);
			runOnlyForDeploymentPostprocessing = 0;
			shellPath = /bin/sh;
			shellScript = "diff \"${PODS_PODFILE_DIR_PATH}/Podfile.lock\" \"${PODS_ROOT}/Manifest.lock\" > /dev/null\nif [ $? != 0 ] ; then\n    # print error to STDERR\n    echo \"error: The sandbox is not in sync with the Podfile.lock. Run 'pod install' or update your CocoaPods installation.\" >&2\n    exit 1\nfi\n# This output is used by Xcode 'outputs' to avoid re-running this script phase.\necho \"SUCCESS\" > \"${SCRIPT_OUTPUT_FILE_0}\"\n";
			showEnvVarsInLog = 0;
		};
		FC4AAC51B9AED6B0DA4E320C /* [CP] Copy Pods Resources */ = {
			isa = PBXShellScriptBuildPhase;
			buildActionMask = 2147483647;
			files = (
			);
			inputFileListPaths = (
				"${PODS_ROOT}/Target Support Files/Pods-WeiboDemo/Pods-WeiboDemo-resources-${CONFIGURATION}-input-files.xcfilelist",
			);
			name = "[CP] Copy Pods Resources";
			outputFileListPaths = (
				"${PODS_ROOT}/Target Support Files/Pods-WeiboDemo/Pods-WeiboDemo-resources-${CONFIGURATION}-output-files.xcfilelist",
			);
			runOnlyForDeploymentPostprocessing = 0;
			shellPath = /bin/sh;
			shellScript = "\"${PODS_ROOT}/Target Support Files/Pods-WeiboDemo/Pods-WeiboDemo-resources.sh\"\n";
			showEnvVarsInLog = 0;
		};
/* End PBXShellScriptBuildPhase section */

/* Begin PBXSourcesBuildPhase section */
		361AA2DD235F05600065CC8B /* Sources */ = {
			isa = PBXSourcesBuildPhase;
			buildActionMask = 2147483647;
			files = (
				36918C1423978E58002A9994 /* main.m in Sources */,
				368EEAD92397B29F00B4DB27 /* LXCover.m in Sources */,
				36EC13A3239B9AA200BD25C9 /* GlobalUtil.m in Sources */,
				368EEAD62397A8F700B4DB27 /* UIBarButtonItem+Item.m in Sources */,
				3649B52F239BAA7F00A613B5 /* LXUser.m in Sources */,
				36A92C30239E7DD9001017A3 /* LXStatusCell.m in Sources */,
				368EEACD2397A45A00B4DB27 /* LXNavigationController.m in Sources */,
				36DDBC7823A0D97000325B48 /* LXComposeViewController.m in Sources */,
				365BD2102397F2CE00A9EE27 /* LXMineViewController.m in Sources */,
				365BD21823993A0F00A9EE27 /* CustomTabBar.m in Sources */,
				36DDBC5823A08D6000325B48 /* LXPhoto.m in Sources */,
				36A92C36239E7F18001017A3 /* LXRetweetView.m in Sources */,
				36A92C39239E7F2D001017A3 /* LXStatusToolBar.m in Sources */,
				367D2AA7239F7616009AF4A5 /* NSDate+MJ.m in Sources */,
				368EEADD2397B84800B4DB27 /* LXPopMenu.m in Sources */,
				368EEAE02397BB1600B4DB27 /* LXOneViewController.m in Sources */,
				368EEAC123979B2700B4DB27 /* LXSearchBar.m in Sources */,
				36EC1387239B7C1100BD25C9 /* MBProgressHUD+Ext.m in Sources */,
				36DDBC7C23A0E5C700325B48 /* LXTextView.m in Sources */,
				3686911123A1D35B00FAA901 /* LXComposePhotosView.m in Sources */,
				36918C1323978E58002A9994 /* UIImage+Image.m in Sources */,
				368EEAC72397A0AA00B4DB27 /* UIView+Frame.m in Sources */,
				36DDBC6923A0C3CA00325B48 /* MJPhotoLoadingView.m in Sources */,
				368EEAED23990EDD00B4DB27 /* LXNewFeatureCell.m in Sources */,
				36DDBC6D23A0C3CA00325B48 /* MJPhotoToolbar.m in Sources */,
				366C1A89239E27C500B59001 /* LXStatusTool.m in Sources */,
				36DDBC6E23A0C3CA00325B48 /* MJPhotoProgressView.m in Sources */,
				36918C1523978E58002A9994 /* AppDelegate.m in Sources */,
				36918C1623978E58002A9994 /* LXTabBarController.m in Sources */,
				36EC1382239B452D00BD25C9 /* LXOAuthViewController.m in Sources */,
				366C1A8F239E2B7700B59001 /* LXStatusParam.m in Sources */,
				366C1A9D239E49B200B59001 /* LXUserTool.m in Sources */,
				36A92C33239E7EFA001017A3 /* LXOriginalView.m in Sources */,
				3649B52C239BA9C800A613B5 /* LXStatus.m in Sources */,
				36918C1723978E58002A9994 /* LXTabBar.m in Sources */,
				367D2AA4239F33AC009AF4A5 /* LXStatusFrame.m in Sources */,
				36EC13A0239B9A7E00BD25C9 /* AccountUtil.m in Sources */,
				366C1A85239DF28100B59001 /* NetworkUtil.m in Sources */,
				365BD20D2397F0CF00A9EE27 /* LXMessageViewController.m in Sources */,
				368EEAD32397A7DB00B4DB27 /* LXTitleButton.m in Sources */,
				367D2AAA23A0821A009AF4A5 /* LXPhotosView.m in Sources */,
				368EEAE923990BB600B4DB27 /* LXNewFeatureController.m in Sources */,
				36DDBC6C23A0C3CA00325B48 /* MJPhoto.m in Sources */,
				36DDBC7323A0D23700325B48 /* LXPhotoImageView.m in Sources */,
				365BD21B23993C0A00A9EE27 /* CustomTabBarButton.m in Sources */,
				36DDBC6F23A0C3CA00325B48 /* SDWebImageManager+MJ.m in Sources */,
				365BD21E23993E7700A9EE27 /* CustomBadge.m in Sources */,
				368EEACA2397A22E00B4DB27 /* LXDiscoverViewController.m in Sources */,
				36DDBC6A23A0C3CA00325B48 /* MJPhotoView.m in Sources */,
				366C1A95239E345B00B59001 /* LXAccountParam.m in Sources */,
				366C1A92239E2CBE00B59001 /* LXStatusResult.m in Sources */,
				36DDBC7F23A0EBC900325B48 /* LXComposeToolBar.m in Sources */,
				365BD215239939B100A9EE27 /* CustomTabBarController.m in Sources */,
				36DDBC7023A0C3CA00325B48 /* MJPhotoBrowser.m in Sources */,
				366C1AA0239E4A7600B59001 /* LXUserParam.m in Sources */,
				368EEAD02397A74800B4DB27 /* LXHomeViewController.m in Sources */,
				36EC138B239B85D000BD25C9 /* LXAccount.m in Sources */,
			);
			runOnlyForDeploymentPostprocessing = 0;
		};
/* End PBXSourcesBuildPhase section */

/* Begin PBXVariantGroup section */
		361AA2F2235F05670065CC8B /* LaunchScreen.storyboard */ = {
			isa = PBXVariantGroup;
			children = (
				361AA2F3235F05670065CC8B /* Base */,
			);
			name = LaunchScreen.storyboard;
			sourceTree = "<group>";
		};
/* End PBXVariantGroup section */

/* Begin XCBuildConfiguration section */
		361AA2F8235F05670065CC8B /* Debug */ = {
			isa = XCBuildConfiguration;
			buildSettings = {
				ALWAYS_SEARCH_USER_PATHS = NO;
				CLANG_ANALYZER_NONNULL = YES;
				CLANG_ANALYZER_NUMBER_OBJECT_CONVERSION = YES_AGGRESSIVE;
				CLANG_CXX_LANGUAGE_STANDARD = "gnu++14";
				CLANG_CXX_LIBRARY = "libc++";
				CLANG_ENABLE_MODULES = YES;
				CLANG_ENABLE_OBJC_ARC = YES;
				CLANG_ENABLE_OBJC_WEAK = YES;
				CLANG_WARN_BLOCK_CAPTURE_AUTORELEASING = YES;
				CLANG_WARN_BOOL_CONVERSION = YES;
				CLANG_WARN_COMMA = YES;
				CLANG_WARN_CONSTANT_CONVERSION = YES;
				CLANG_WARN_DEPRECATED_OBJC_IMPLEMENTATIONS = YES;
				CLANG_WARN_DIRECT_OBJC_ISA_USAGE = YES_ERROR;
				CLANG_WARN_DOCUMENTATION_COMMENTS = YES;
				CLANG_WARN_EMPTY_BODY = YES;
				CLANG_WARN_ENUM_CONVERSION = YES;
				CLANG_WARN_INFINITE_RECURSION = YES;
				CLANG_WARN_INT_CONVERSION = YES;
				CLANG_WARN_NON_LITERAL_NULL_CONVERSION = YES;
				CLANG_WARN_OBJC_IMPLICIT_RETAIN_SELF = YES;
				CLANG_WARN_OBJC_LITERAL_CONVERSION = YES;
				CLANG_WARN_OBJC_ROOT_CLASS = YES_ERROR;
				CLANG_WARN_RANGE_LOOP_ANALYSIS = YES;
				CLANG_WARN_STRICT_PROTOTYPES = YES;
				CLANG_WARN_SUSPICIOUS_MOVE = YES;
				CLANG_WARN_UNGUARDED_AVAILABILITY = YES_AGGRESSIVE;
				CLANG_WARN_UNREACHABLE_CODE = YES;
				CLANG_WARN__DUPLICATE_METHOD_MATCH = YES;
				COPY_PHASE_STRIP = NO;
				DEBUG_INFORMATION_FORMAT = dwarf;
				ENABLE_STRICT_OBJC_MSGSEND = YES;
				ENABLE_TESTABILITY = YES;
				GCC_C_LANGUAGE_STANDARD = gnu11;
				GCC_DYNAMIC_NO_PIC = NO;
				GCC_NO_COMMON_BLOCKS = YES;
				GCC_OPTIMIZATION_LEVEL = 0;
				GCC_PREPROCESSOR_DEFINITIONS = (
					"DEBUG=1",
					"$(inherited)",
				);
				GCC_WARN_64_TO_32_BIT_CONVERSION = YES;
				GCC_WARN_ABOUT_RETURN_TYPE = YES_ERROR;
				GCC_WARN_UNDECLARED_SELECTOR = YES;
				GCC_WARN_UNINITIALIZED_AUTOS = YES_AGGRESSIVE;
				GCC_WARN_UNUSED_FUNCTION = YES;
				GCC_WARN_UNUSED_VARIABLE = YES;
				IPHONEOS_DEPLOYMENT_TARGET = 13.1;
				MTL_ENABLE_DEBUG_INFO = INCLUDE_SOURCE;
				MTL_FAST_MATH = YES;
				ONLY_ACTIVE_ARCH = YES;
				SDKROOT = iphoneos;
			};
			name = Debug;
		};
		361AA2F9235F05670065CC8B /* Release */ = {
			isa = XCBuildConfiguration;
			buildSettings = {
				ALWAYS_SEARCH_USER_PATHS = NO;
				CLANG_ANALYZER_NONNULL = YES;
				CLANG_ANALYZER_NUMBER_OBJECT_CONVERSION = YES_AGGRESSIVE;
				CLANG_CXX_LANGUAGE_STANDARD = "gnu++14";
				CLANG_CXX_LIBRARY = "libc++";
				CLANG_ENABLE_MODULES = YES;
				CLANG_ENABLE_OBJC_ARC = YES;
				CLANG_ENABLE_OBJC_WEAK = YES;
				CLANG_WARN_BLOCK_CAPTURE_AUTORELEASING = YES;
				CLANG_WARN_BOOL_CONVERSION = YES;
				CLANG_WARN_COMMA = YES;
				CLANG_WARN_CONSTANT_CONVERSION = YES;
				CLANG_WARN_DEPRECATED_OBJC_IMPLEMENTATIONS = YES;
				CLANG_WARN_DIRECT_OBJC_ISA_USAGE = YES_ERROR;
				CLANG_WARN_DOCUMENTATION_COMMENTS = YES;
				CLANG_WARN_EMPTY_BODY = YES;
				CLANG_WARN_ENUM_CONVERSION = YES;
				CLANG_WARN_INFINITE_RECURSION = YES;
				CLANG_WARN_INT_CONVERSION = YES;
				CLANG_WARN_NON_LITERAL_NULL_CONVERSION = YES;
				CLANG_WARN_OBJC_IMPLICIT_RETAIN_SELF = YES;
				CLANG_WARN_OBJC_LITERAL_CONVERSION = YES;
				CLANG_WARN_OBJC_ROOT_CLASS = YES_ERROR;
				CLANG_WARN_RANGE_LOOP_ANALYSIS = YES;
				CLANG_WARN_STRICT_PROTOTYPES = YES;
				CLANG_WARN_SUSPICIOUS_MOVE = YES;
				CLANG_WARN_UNGUARDED_AVAILABILITY = YES_AGGRESSIVE;
				CLANG_WARN_UNREACHABLE_CODE = YES;
				CLANG_WARN__DUPLICATE_METHOD_MATCH = YES;
				COPY_PHASE_STRIP = NO;
				DEBUG_INFORMATION_FORMAT = "dwarf-with-dsym";
				ENABLE_NS_ASSERTIONS = NO;
				ENABLE_STRICT_OBJC_MSGSEND = YES;
				GCC_C_LANGUAGE_STANDARD = gnu11;
				GCC_NO_COMMON_BLOCKS = YES;
				GCC_WARN_64_TO_32_BIT_CONVERSION = YES;
				GCC_WARN_ABOUT_RETURN_TYPE = YES_ERROR;
				GCC_WARN_UNDECLARED_SELECTOR = YES;
				GCC_WARN_UNINITIALIZED_AUTOS = YES_AGGRESSIVE;
				GCC_WARN_UNUSED_FUNCTION = YES;
				GCC_WARN_UNUSED_VARIABLE = YES;
				IPHONEOS_DEPLOYMENT_TARGET = 13.1;
				MTL_ENABLE_DEBUG_INFO = NO;
				MTL_FAST_MATH = YES;
				SDKROOT = iphoneos;
				VALIDATE_PRODUCT = YES;
			};
			name = Release;
		};
		361AA2FB235F05670065CC8B /* Debug */ = {
			isa = XCBuildConfiguration;
			baseConfigurationReference = 22ED49F6B87EE6967A4370C2 /* Pods-WeiboDemo.debug.xcconfig */;
			buildSettings = {
				ASSETCATALOG_COMPILER_APPICON_NAME = AppIcon;
				CODE_SIGN_STYLE = Automatic;
				DEVELOPMENT_TEAM = GSD4XJJ42Y;
				GCC_PRECOMPILE_PREFIX_HEADER = YES;
				GCC_PREFIX_HEADER = "$(SRCROOT)/WeiboDemo/Classes/Other/PrefixHeader.pch";
				INFOPLIST_FILE = WeiboDemo/Info.plist;
				IPHONEOS_DEPLOYMENT_TARGET = 8.0;
				LD_RUNPATH_SEARCH_PATHS = (
					"$(inherited)",
					"@executable_path/Frameworks",
				);
				PRODUCT_BUNDLE_IDENTIFIER = com.werner.weibo;
				PRODUCT_NAME = "$(TARGET_NAME)";
				TARGETED_DEVICE_FAMILY = 1;
			};
			name = Debug;
		};
		361AA2FC235F05670065CC8B /* Release */ = {
			isa = XCBuildConfiguration;
			baseConfigurationReference = A45221CF43AAEC098B63835A /* Pods-WeiboDemo.release.xcconfig */;
			buildSettings = {
				ASSETCATALOG_COMPILER_APPICON_NAME = AppIcon;
				CODE_SIGN_STYLE = Automatic;
				DEVELOPMENT_TEAM = GSD4XJJ42Y;
				GCC_PRECOMPILE_PREFIX_HEADER = YES;
				GCC_PREFIX_HEADER = "$(SRCROOT)/WeiboDemo/Classes/Other/PrefixHeader.pch";
				INFOPLIST_FILE = WeiboDemo/Info.plist;
				IPHONEOS_DEPLOYMENT_TARGET = 8.0;
				LD_RUNPATH_SEARCH_PATHS = (
					"$(inherited)",
					"@executable_path/Frameworks",
				);
				PRODUCT_BUNDLE_IDENTIFIER = com.werner.weibo;
				PRODUCT_NAME = "$(TARGET_NAME)";
				TARGETED_DEVICE_FAMILY = 1;
			};
			name = Release;
		};
/* End XCBuildConfiguration section */

/* Begin XCConfigurationList section */
		361AA2DC235F05600065CC8B /* Build configuration list for PBXProject "WeiboDemo" */ = {
			isa = XCConfigurationList;
			buildConfigurations = (
				361AA2F8235F05670065CC8B /* Debug */,
				361AA2F9235F05670065CC8B /* Release */,
			);
			defaultConfigurationIsVisible = 0;
			defaultConfigurationName = Release;
		};
		361AA2FA235F05670065CC8B /* Build configuration list for PBXNativeTarget "WeiboDemo" */ = {
			isa = XCConfigurationList;
			buildConfigurations = (
				361AA2FB235F05670065CC8B /* Debug */,
				361AA2FC235F05670065CC8B /* Release */,
			);
			defaultConfigurationIsVisible = 0;
			defaultConfigurationName = Release;
		};
/* End XCConfigurationList section */
	};
	rootObject = 361AA2D9235F05600065CC8B /* Project object */;
}
